// !$*UTF8*$!
{
	archiveVersion = 1;
	classes = {
	};
	objectVersion = 56;
	objects = {

/* Begin PBXBuildFile section */
		1A408FBF2CB3C854004B78A4 /* Model.swift in Sources */ = {isa = PBXBuildFile; fileRef = 1A408FBE2CB3C854004B78A4 /* Model.swift */; };
		1A408FC12CB3C886004B78A4 /* CatsView.swift in Sources */ = {isa = PBXBuildFile; fileRef = 1A408FC02CB3C886004B78A4 /* CatsView.swift */; };
		1A408FC32CB3C8B3004B78A4 /* UnusedSoundsView.swift in Sources */ = {isa = PBXBuildFile; fileRef = 1A408FC22CB3C8B3004B78A4 /* UnusedSoundsView.swift */; };
		1A408FC82CB3C900004B78A4 /* SettingView.swift in Sources */ = {isa = PBXBuildFile; fileRef = 1A408FC72CB3C900004B78A4 /* SettingView.swift */; };
		1A408FCA2CB3C91A004B78A4 /* RecordButton.swift in Sources */ = {isa = PBXBuildFile; fileRef = 1A408FC92CB3C91A004B78A4 /* RecordButton.swift */; };
		1A408FCC2CB3C93A004B78A4 /* AudioRecordHelp.swift in Sources */ = {isa = PBXBuildFile; fileRef = 1A408FCB2CB3C93A004B78A4 /* AudioRecordHelp.swift */; };
		1A408FCF2CB3CC45004B78A4 /* AudioPlayManagerHelp.swift in Sources */ = {isa = PBXBuildFile; fileRef = 1A408FCE2CB3CC45004B78A4 /* AudioPlayManagerHelp.swift */; };
		1A408FD32CB3EE79004B78A4 /* AudioTrimView.swift in Sources */ = {isa = PBXBuildFile; fileRef = 1A408FD22CB3EE79004B78A4 /* AudioTrimView.swift */; };
		1A408FD72CB44227004B78A4 /* ThemeView.swift in Sources */ = {isa = PBXBuildFile; fileRef = 1A408FD62CB44227004B78A4 /* ThemeView.swift */; };
		1A408FD92CB44237004B78A4 /* LanguageView.swift in Sources */ = {isa = PBXBuildFile; fileRef = 1A408FD82CB44237004B78A4 /* LanguageView.swift */; };
		1A408FDB2CB44245004B78A4 /* AboutView.swift in Sources */ = {isa = PBXBuildFile; fileRef = 1A408FDA2CB44245004B78A4 /* AboutView.swift */; };
		1A408FDE2CB44793004B78A4 /* AddAndEditCatView.swift in Sources */ = {isa = PBXBuildFile; fileRef = 1A408FDD2CB44793004B78A4 /* AddAndEditCatView.swift */; };
		1A408FE02CB59C20004B78A4 /* AppState.swift in Sources */ = {isa = PBXBuildFile; fileRef = 1A408FDF2CB59C20004B78A4 /* AppState.swift */; };
		1A84E1AA2CBF99F9003EAE2F /* EventsView.swift in Sources */ = {isa = PBXBuildFile; fileRef = 1A84E1A92CBF99F9003EAE2F /* EventsView.swift */; };
		1A84E1AD2CBF9CC0003EAE2F /* Event.swift in Sources */ = {isa = PBXBuildFile; fileRef = 1A84E1AC2CBF9CC0003EAE2F /* Event.swift */; };
		1A84E1AF2CBF9CDA003EAE2F /* NewEventView.swift in Sources */ = {isa = PBXBuildFile; fileRef = 1A84E1AE2CBF9CDA003EAE2F /* NewEventView.swift */; };
		1A84E1B12CC0254A003EAE2F /* Extension.swift in Sources */ = {isa = PBXBuildFile; fileRef = 1A84E1B02CC0254A003EAE2F /* Extension.swift */; };
		1A84E1B32CC02AC0003EAE2F /* FinanceView.swift in Sources */ = {isa = PBXBuildFile; fileRef = 1A84E1B22CC02AC0003EAE2F /* FinanceView.swift */; };
		1A84E1B62CC02B70003EAE2F /* WeightUnitView.swift in Sources */ = {isa = PBXBuildFile; fileRef = 1A84E1B52CC02B70003EAE2F /* WeightUnitView.swift */; };
		1A84E1B82CC02C0A003EAE2F /* PetMedicalRecordView.swift in Sources */ = {isa = PBXBuildFile; fileRef = 1A84E1B72CC02C0A003EAE2F /* PetMedicalRecordView.swift */; };
		1A84E1BA2CC02F15003EAE2F /* SwitchHome.swift in Sources */ = {isa = PBXBuildFile; fileRef = 1A84E1B92CC02F15003EAE2F /* SwitchHome.swift */; };
		1A84E1BD2CC0333D003EAE2F /* NewAndEditWeightView.swift in Sources */ = {isa = PBXBuildFile; fileRef = 1A84E1BC2CC0333D003EAE2F /* NewAndEditWeightView.swift */; };
		1A84E1C02CC038A8003EAE2F /* CustomInputField.swift in Sources */ = {isa = PBXBuildFile; fileRef = 1A84E1BF2CC038A8003EAE2F /* CustomInputField.swift */; };
		1A84E1C22CC03B23003EAE2F /* WeightsView.swift in Sources */ = {isa = PBXBuildFile; fileRef = 1A84E1C12CC03B23003EAE2F /* WeightsView.swift */; };
		1A84E1E52CC151CE003EAE2F /* Localizable.strings in Resources */ = {isa = PBXBuildFile; fileRef = 1A84E1E32CC151CE003EAE2F /* Localizable.strings */; };
		1A84E1EC2CC171F7003EAE2F /* UnusedWavesView.swift in Sources */ = {isa = PBXBuildFile; fileRef = 1A84E1EB2CC171F7003EAE2F /* UnusedWavesView.swift */; };
		1A84E1EE2CC23AA0003EAE2F /* LanguageManager.swift in Sources */ = {isa = PBXBuildFile; fileRef = 1A84E1ED2CC23AA0003EAE2F /* LanguageManager.swift */; };
		1A84E1F32CC243B2003EAE2F /* StringEx.swift in Sources */ = {isa = PBXBuildFile; fileRef = 1A84E1F22CC243B2003EAE2F /* StringEx.swift */; };
		1A932ABE2CAD8F6500954B71 /* MeowApp.swift in Sources */ = {isa = PBXBuildFile; fileRef = 1A932ABD2CAD8F6500954B71 /* MeowApp.swift */; };
		1A932AC02CAD8F6500954B71 /* ContentView.swift in Sources */ = {isa = PBXBuildFile; fileRef = 1A932ABF2CAD8F6500954B71 /* ContentView.swift */; };
		1A932AC22CAD8F6700954B71 /* Assets.xcassets in Resources */ = {isa = PBXBuildFile; fileRef = 1A932AC12CAD8F6700954B71 /* Assets.xcassets */; };
		1A932AC52CAD8F6700954B71 /* Preview Assets.xcassets in Resources */ = {isa = PBXBuildFile; fileRef = 1A932AC42CAD8F6700954B71 /* Preview Assets.xcassets */; };
		1A932AD02CAD93DF00954B71 /* Previewer.swift in Sources */ = {isa = PBXBuildFile; fileRef = 1A932ACF2CAD93DF00954B71 /* Previewer.swift */; };
		D2A5387A2CC51BF200417B72 /* TextButton.swift in Sources */ = {isa = PBXBuildFile; fileRef = D2A538792CC51BF200417B72 /* TextButton.swift */; };
		D2D3CFA22CC4A46F00838235 /* IconButton.swift in Sources */ = {isa = PBXBuildFile; fileRef = D2D3CFA02CC4A46F00838235 /* IconButton.swift */; };
		D2D3CFA82CC4A48600838235 /* AudioPlayerViewModel.swift in Sources */ = {isa = PBXBuildFile; fileRef = D2D3CFA62CC4A48600838235 /* AudioPlayerViewModel.swift */; };
		D2D3CFAB2CC4A4A600838235 /* AudioListItemView.swift in Sources */ = {isa = PBXBuildFile; fileRef = D2D3CFA92CC4A4A600838235 /* AudioListItemView.swift */; };
		D2D3CFAC2CC4A4A600838235 /* WaveformView.swift in Sources */ = {isa = PBXBuildFile; fileRef = D2D3CFAA2CC4A4A600838235 /* WaveformView.swift */; };
		D2D3CFAE2CC4A5EB00838235 /* SoundsView.swift in Sources */ = {isa = PBXBuildFile; fileRef = D2D3CFAD2CC4A5EB00838235 /* SoundsView.swift */; };
		D2D3CFC02CC4A61B00838235 /* numbers_01.mp3 in Resources */ = {isa = PBXBuildFile; fileRef = D2D3CFB82CC4A61B00838235 /* numbers_01.mp3 */; };
		D2D3CFC12CC4A61B00838235 /* iPhone 7 - 生气的声音.m4a in Resources */ = {isa = PBXBuildFile; fileRef = D2D3CFB62CC4A61B00838235 /* iPhone 7 - 生气的声音.m4a */; };
		D2D3CFC22CC4A61B00838235 /* numbers_3s_01.mp3 in Resources */ = {isa = PBXBuildFile; fileRef = D2D3CFBB2CC4A61B00838235 /* numbers_3s_01.mp3 */; };
		D2D3CFC32CC4A61B00838235 /* numbers_3s_02.mp3 in Resources */ = {isa = PBXBuildFile; fileRef = D2D3CFBC2CC4A61B00838235 /* numbers_3s_02.mp3 */; };
		D2D3CFC42CC4A61B00838235 /* numbers_03.mp3 in Resources */ = {isa = PBXBuildFile; fileRef = D2D3CFBA2CC4A61B00838235 /* numbers_03.mp3 */; };
		D2D3CFC52CC4A61B00838235 /* iPhone 7 - 撒娇的声音.m4a in Resources */ = {isa = PBXBuildFile; fileRef = D2D3CFB52CC4A61B00838235 /* iPhone 7 - 撒娇的声音.m4a */; };
		D2D3CFC62CC4A61B00838235 /* numbers_02.mp3 in Resources */ = {isa = PBXBuildFile; fileRef = D2D3CFB92CC4A61B00838235 /* numbers_02.mp3 */; };
		D2D3CFC72CC4A61B00838235 /* iPhone 7 - 很高兴的声音.m4a in Resources */ = {isa = PBXBuildFile; fileRef = D2D3CFB42CC4A61B00838235 /* iPhone 7 - 很高兴的声音.m4a */; };
		D2D3CFC82CC4A61B00838235 /* iPhone 12 - 撒娇的声音.m4a in Resources */ = {isa = PBXBuildFile; fileRef = D2D3CFB22CC4A61B00838235 /* iPhone 12 - 撒娇的声音.m4a */; };
		D2D3CFC92CC4A61B00838235 /* iPhone 12 - 很高兴的声音.m4a in Resources */ = {isa = PBXBuildFile; fileRef = D2D3CFB12CC4A61B00838235 /* iPhone 12 - 很高兴的声音.m4a */; };
		D2D3CFCA2CC4A61B00838235 /* iPhone 12 - 生气的声音.m4a in Resources */ = {isa = PBXBuildFile; fileRef = D2D3CFB32CC4A61B00838235 /* iPhone 12 - 生气的声音.m4a */; };
		D2D3CFCB2CC4A61B00838235 /* numbers_3s_03.mp3 in Resources */ = {isa = PBXBuildFile; fileRef = D2D3CFBD2CC4A61B00838235 /* numbers_3s_03.mp3 */; };
		D2D3CFCC2CC4A61B00838235 /* MP3Preview.swift in Sources */ = {isa = PBXBuildFile; fileRef = D2D3CFAF2CC4A61B00838235 /* MP3Preview.swift */; };
		D2D3CFCD2CC4A61B00838235 /* M4APreview.swift in Sources */ = {isa = PBXBuildFile; fileRef = D2D3CFB02CC4A61B00838235 /* M4APreview.swift */; };
		D2D3CFCF2CC4A8BB00838235 /* Audio.swift in Sources */ = {isa = PBXBuildFile; fileRef = D2D3CFCE2CC4A8BB00838235 /* Audio.swift */; };
		D2D3CFD02CC4AA6C00838235 /* Righteous-Regular.ttf in Resources */ = {isa = PBXBuildFile; fileRef = D2D3CFA32CC4A47A00838235 /* Righteous-Regular.ttf */; };
/* End PBXBuildFile section */

/* Begin PBXFileReference section */
		1A408FBE2CB3C854004B78A4 /* Model.swift */ = {isa = PBXFileReference; lastKnownFileType = sourcecode.swift; path = Model.swift; sourceTree = "<group>"; };
		1A408FC02CB3C886004B78A4 /* CatsView.swift */ = {isa = PBXFileReference; lastKnownFileType = sourcecode.swift; path = CatsView.swift; sourceTree = "<group>"; };
		1A408FC22CB3C8B3004B78A4 /* UnusedSoundsView.swift */ = {isa = PBXFileReference; lastKnownFileType = sourcecode.swift; path = UnusedSoundsView.swift; sourceTree = "<group>"; };
		1A408FC72CB3C900004B78A4 /* SettingView.swift */ = {isa = PBXFileReference; lastKnownFileType = sourcecode.swift; path = SettingView.swift; sourceTree = "<group>"; };
		1A408FC92CB3C91A004B78A4 /* RecordButton.swift */ = {isa = PBXFileReference; lastKnownFileType = sourcecode.swift; path = RecordButton.swift; sourceTree = "<group>"; };
		1A408FCB2CB3C93A004B78A4 /* AudioRecordHelp.swift */ = {isa = PBXFileReference; lastKnownFileType = sourcecode.swift; path = AudioRecordHelp.swift; sourceTree = "<group>"; };
		1A408FCE2CB3CC45004B78A4 /* AudioPlayManagerHelp.swift */ = {isa = PBXFileReference; lastKnownFileType = sourcecode.swift; path = AudioPlayManagerHelp.swift; sourceTree = "<group>"; };
		1A408FD22CB3EE79004B78A4 /* AudioTrimView.swift */ = {isa = PBXFileReference; lastKnownFileType = sourcecode.swift; path = AudioTrimView.swift; sourceTree = "<group>"; };
		1A408FD62CB44227004B78A4 /* ThemeView.swift */ = {isa = PBXFileReference; lastKnownFileType = sourcecode.swift; path = ThemeView.swift; sourceTree = "<group>"; };
		1A408FD82CB44237004B78A4 /* LanguageView.swift */ = {isa = PBXFileReference; lastKnownFileType = sourcecode.swift; path = LanguageView.swift; sourceTree = "<group>"; };
		1A408FDA2CB44245004B78A4 /* AboutView.swift */ = {isa = PBXFileReference; lastKnownFileType = sourcecode.swift; path = AboutView.swift; sourceTree = "<group>"; };
		1A408FDD2CB44793004B78A4 /* AddAndEditCatView.swift */ = {isa = PBXFileReference; lastKnownFileType = sourcecode.swift; path = AddAndEditCatView.swift; sourceTree = "<group>"; };
		1A408FDF2CB59C20004B78A4 /* AppState.swift */ = {isa = PBXFileReference; lastKnownFileType = sourcecode.swift; path = AppState.swift; sourceTree = "<group>"; };
		1A84E1A92CBF99F9003EAE2F /* EventsView.swift */ = {isa = PBXFileReference; lastKnownFileType = sourcecode.swift; path = EventsView.swift; sourceTree = "<group>"; };
		1A84E1AC2CBF9CC0003EAE2F /* Event.swift */ = {isa = PBXFileReference; lastKnownFileType = sourcecode.swift; path = Event.swift; sourceTree = "<group>"; };
		1A84E1AE2CBF9CDA003EAE2F /* NewEventView.swift */ = {isa = PBXFileReference; lastKnownFileType = sourcecode.swift; path = NewEventView.swift; sourceTree = "<group>"; };
		1A84E1B02CC0254A003EAE2F /* Extension.swift */ = {isa = PBXFileReference; lastKnownFileType = sourcecode.swift; path = Extension.swift; sourceTree = "<group>"; };
		1A84E1B22CC02AC0003EAE2F /* FinanceView.swift */ = {isa = PBXFileReference; lastKnownFileType = sourcecode.swift; path = FinanceView.swift; sourceTree = "<group>"; };
		1A84E1B52CC02B70003EAE2F /* WeightUnitView.swift */ = {isa = PBXFileReference; lastKnownFileType = sourcecode.swift; path = WeightUnitView.swift; sourceTree = "<group>"; };
		1A84E1B72CC02C0A003EAE2F /* PetMedicalRecordView.swift */ = {isa = PBXFileReference; lastKnownFileType = sourcecode.swift; path = PetMedicalRecordView.swift; sourceTree = "<group>"; };
		1A84E1B92CC02F15003EAE2F /* SwitchHome.swift */ = {isa = PBXFileReference; lastKnownFileType = sourcecode.swift; path = SwitchHome.swift; sourceTree = "<group>"; };
		1A84E1BC2CC0333D003EAE2F /* NewAndEditWeightView.swift */ = {isa = PBXFileReference; lastKnownFileType = sourcecode.swift; path = NewAndEditWeightView.swift; sourceTree = "<group>"; };
		1A84E1BF2CC038A8003EAE2F /* CustomInputField.swift */ = {isa = PBXFileReference; lastKnownFileType = sourcecode.swift; path = CustomInputField.swift; sourceTree = "<group>"; };
		1A84E1C12CC03B23003EAE2F /* WeightsView.swift */ = {isa = PBXFileReference; lastKnownFileType = sourcecode.swift; path = WeightsView.swift; sourceTree = "<group>"; };
		1A84E1E42CC151CE003EAE2F /* en */ = {isa = PBXFileReference; lastKnownFileType = text.plist.strings; name = en; path = en.lproj/Localizable.strings; sourceTree = "<group>"; };
		1A84E1E62CC151F7003EAE2F /* zh-Hans */ = {isa = PBXFileReference; lastKnownFileType = text.plist.strings; name = "zh-Hans"; path = "zh-Hans.lproj/Localizable.strings"; sourceTree = "<group>"; };
		1A84E1E72CC15211003EAE2F /* zh-Hant */ = {isa = PBXFileReference; lastKnownFileType = text.plist.strings; name = "zh-Hant"; path = "zh-Hant.lproj/Localizable.strings"; sourceTree = "<group>"; };
		1A84E1E82CC15213003EAE2F /* ja */ = {isa = PBXFileReference; lastKnownFileType = text.plist.strings; name = ja; path = ja.lproj/Localizable.strings; sourceTree = "<group>"; };
		1A84E1EB2CC171F7003EAE2F /* UnusedWavesView.swift */ = {isa = PBXFileReference; lastKnownFileType = sourcecode.swift; path = UnusedWavesView.swift; sourceTree = "<group>"; };
		1A84E1ED2CC23AA0003EAE2F /* LanguageManager.swift */ = {isa = PBXFileReference; lastKnownFileType = sourcecode.swift; path = LanguageManager.swift; sourceTree = "<group>"; };
		1A84E1F22CC243B2003EAE2F /* StringEx.swift */ = {isa = PBXFileReference; lastKnownFileType = sourcecode.swift; path = StringEx.swift; sourceTree = "<group>"; };
		1A932ABA2CAD8F6500954B71 /* Meow.app */ = {isa = PBXFileReference; explicitFileType = wrapper.application; includeInIndex = 0; path = Meow.app; sourceTree = BUILT_PRODUCTS_DIR; };
		1A932ABD2CAD8F6500954B71 /* MeowApp.swift */ = {isa = PBXFileReference; lastKnownFileType = sourcecode.swift; path = MeowApp.swift; sourceTree = "<group>"; };
		1A932ABF2CAD8F6500954B71 /* ContentView.swift */ = {isa = PBXFileReference; lastKnownFileType = sourcecode.swift; path = ContentView.swift; sourceTree = "<group>"; };
		1A932AC12CAD8F6700954B71 /* Assets.xcassets */ = {isa = PBXFileReference; lastKnownFileType = folder.assetcatalog; path = Assets.xcassets; sourceTree = "<group>"; };
		1A932AC42CAD8F6700954B71 /* Preview Assets.xcassets */ = {isa = PBXFileReference; lastKnownFileType = folder.assetcatalog; path = "Preview Assets.xcassets"; sourceTree = "<group>"; };
		1A932ACF2CAD93DF00954B71 /* Previewer.swift */ = {isa = PBXFileReference; lastKnownFileType = sourcecode.swift; path = Previewer.swift; sourceTree = "<group>"; };
		D2A538792CC51BF200417B72 /* TextButton.swift */ = {isa = PBXFileReference; lastKnownFileType = sourcecode.swift; path = TextButton.swift; sourceTree = "<group>"; };
		D2D3CFA02CC4A46F00838235 /* IconButton.swift */ = {isa = PBXFileReference; lastKnownFileType = sourcecode.swift; path = IconButton.swift; sourceTree = "<group>"; };
		D2D3CFA32CC4A47A00838235 /* Righteous-Regular.ttf */ = {isa = PBXFileReference; lastKnownFileType = file; path = "Righteous-Regular.ttf"; sourceTree = "<group>"; };
		D2D3CFA62CC4A48600838235 /* AudioPlayerViewModel.swift */ = {isa = PBXFileReference; lastKnownFileType = sourcecode.swift; path = AudioPlayerViewModel.swift; sourceTree = "<group>"; };
		D2D3CFA92CC4A4A600838235 /* AudioListItemView.swift */ = {isa = PBXFileReference; lastKnownFileType = sourcecode.swift; path = AudioListItemView.swift; sourceTree = "<group>"; };
		D2D3CFAA2CC4A4A600838235 /* WaveformView.swift */ = {isa = PBXFileReference; lastKnownFileType = sourcecode.swift; path = WaveformView.swift; sourceTree = "<group>"; };
		D2D3CFAD2CC4A5EB00838235 /* SoundsView.swift */ = {isa = PBXFileReference; lastKnownFileType = sourcecode.swift; path = SoundsView.swift; sourceTree = "<group>"; };
		D2D3CFAF2CC4A61B00838235 /* MP3Preview.swift */ = {isa = PBXFileReference; lastKnownFileType = sourcecode.swift; path = MP3Preview.swift; sourceTree = "<group>"; };
		D2D3CFB02CC4A61B00838235 /* M4APreview.swift */ = {isa = PBXFileReference; lastKnownFileType = sourcecode.swift; path = M4APreview.swift; sourceTree = "<group>"; };
		D2D3CFB12CC4A61B00838235 /* iPhone 12 - 很高兴的声音.m4a */ = {isa = PBXFileReference; lastKnownFileType = file; path = "iPhone 12 - 很高兴的声音.m4a"; sourceTree = "<group>"; };
		D2D3CFB22CC4A61B00838235 /* iPhone 12 - 撒娇的声音.m4a */ = {isa = PBXFileReference; lastKnownFileType = file; path = "iPhone 12 - 撒娇的声音.m4a"; sourceTree = "<group>"; };
		D2D3CFB32CC4A61B00838235 /* iPhone 12 - 生气的声音.m4a */ = {isa = PBXFileReference; lastKnownFileType = file; path = "iPhone 12 - 生气的声音.m4a"; sourceTree = "<group>"; };
		D2D3CFB42CC4A61B00838235 /* iPhone 7 - 很高兴的声音.m4a */ = {isa = PBXFileReference; lastKnownFileType = file; path = "iPhone 7 - 很高兴的声音.m4a"; sourceTree = "<group>"; };
		D2D3CFB52CC4A61B00838235 /* iPhone 7 - 撒娇的声音.m4a */ = {isa = PBXFileReference; lastKnownFileType = file; path = "iPhone 7 - 撒娇的声音.m4a"; sourceTree = "<group>"; };
		D2D3CFB62CC4A61B00838235 /* iPhone 7 - 生气的声音.m4a */ = {isa = PBXFileReference; lastKnownFileType = file; path = "iPhone 7 - 生气的声音.m4a"; sourceTree = "<group>"; };
		D2D3CFB82CC4A61B00838235 /* numbers_01.mp3 */ = {isa = PBXFileReference; lastKnownFileType = audio.mp3; path = numbers_01.mp3; sourceTree = "<group>"; };
		D2D3CFB92CC4A61B00838235 /* numbers_02.mp3 */ = {isa = PBXFileReference; lastKnownFileType = audio.mp3; path = numbers_02.mp3; sourceTree = "<group>"; };
		D2D3CFBA2CC4A61B00838235 /* numbers_03.mp3 */ = {isa = PBXFileReference; lastKnownFileType = audio.mp3; path = numbers_03.mp3; sourceTree = "<group>"; };
		D2D3CFBB2CC4A61B00838235 /* numbers_3s_01.mp3 */ = {isa = PBXFileReference; lastKnownFileType = audio.mp3; path = numbers_3s_01.mp3; sourceTree = "<group>"; };
		D2D3CFBC2CC4A61B00838235 /* numbers_3s_02.mp3 */ = {isa = PBXFileReference; lastKnownFileType = audio.mp3; path = numbers_3s_02.mp3; sourceTree = "<group>"; };
		D2D3CFBD2CC4A61B00838235 /* numbers_3s_03.mp3 */ = {isa = PBXFileReference; lastKnownFileType = audio.mp3; path = numbers_3s_03.mp3; sourceTree = "<group>"; };
		D2D3CFCE2CC4A8BB00838235 /* Audio.swift */ = {isa = PBXFileReference; lastKnownFileType = sourcecode.swift; path = Audio.swift; sourceTree = "<group>"; };
/* End PBXFileReference section */

/* Begin PBXFrameworksBuildPhase section */
		1A932AB72CAD8F6500954B71 /* Frameworks */ = {
			isa = PBXFrameworksBuildPhase;
			buildActionMask = 2147483647;
			files = (
			);
			runOnlyForDeploymentPostprocessing = 0;
		};
/* End PBXFrameworksBuildPhase section */

/* Begin PBXGroup section */
		1A408FC42CB3C8C5004B78A4 /* View */ = {
			isa = PBXGroup;
			children = (
				1AF4226E2CBCB42700533A7E /* Audio */,
				1AF4226D2CBCB41F00533A7E /* Cats */,
				1A408FDC2CB4476C004B78A4 /* Setting */,
				1A84E1AB2CBF9CA9003EAE2F /* Events */,
				1A84E1B42CC02AC6003EAE2F /* Finance */,
				1A84E1BB2CC0303D003EAE2F /* MedicalRecord */,
				1A84E1BE2CC03341003EAE2F /* WeightRecord */,
			);
			path = View;
			sourceTree = "<group>";
		};
		1A408FC52CB3C8D2004B78A4 /* Model */ = {
			isa = PBXGroup;
			children = (
				1A408FBE2CB3C854004B78A4 /* Model.swift */,
				1A84E1AC2CBF9CC0003EAE2F /* Event.swift */,
				D2D3CFCE2CC4A8BB00838235 /* Audio.swift */,
			);
			path = Model;
			sourceTree = "<group>";
		};
		1A408FC62CB3C8DE004B78A4 /* Other */ = {
			isa = PBXGroup;
			children = (
				1A932ACF2CAD93DF00954B71 /* Previewer.swift */,
				1A408FDF2CB59C20004B78A4 /* AppState.swift */,
			);
			path = Other;
			sourceTree = "<group>";
		};
		1A408FCD2CB3C95C004B78A4 /* Help */ = {
			isa = PBXGroup;
			children = (
				1A408FCB2CB3C93A004B78A4 /* AudioRecordHelp.swift */,
				1A408FCE2CB3CC45004B78A4 /* AudioPlayManagerHelp.swift */,
			);
			path = Help;
			sourceTree = "<group>";
		};
		1A408FDC2CB4476C004B78A4 /* Setting */ = {
			isa = PBXGroup;
			children = (
				1A408FC72CB3C900004B78A4 /* SettingView.swift */,
				1A408FDA2CB44245004B78A4 /* AboutView.swift */,
				1A84E1B52CC02B70003EAE2F /* WeightUnitView.swift */,
				1A84E1B92CC02F15003EAE2F /* SwitchHome.swift */,
				1A84E1F12CC23C7D003EAE2F /* Language */,
				1A408FD62CB44227004B78A4 /* ThemeView.swift */,
			);
			path = Setting;
			sourceTree = "<group>";
		};
		1A84E1AB2CBF9CA9003EAE2F /* Events */ = {
			isa = PBXGroup;
			children = (
				1A84E1A92CBF99F9003EAE2F /* EventsView.swift */,
				1A84E1AE2CBF9CDA003EAE2F /* NewEventView.swift */,
			);
			path = Events;
			sourceTree = "<group>";
		};
		1A84E1B42CC02AC6003EAE2F /* Finance */ = {
			isa = PBXGroup;
			children = (
				1A84E1B22CC02AC0003EAE2F /* FinanceView.swift */,
			);
			path = Finance;
			sourceTree = "<group>";
		};
		1A84E1BB2CC0303D003EAE2F /* MedicalRecord */ = {
			isa = PBXGroup;
			children = (
				1A84E1B72CC02C0A003EAE2F /* PetMedicalRecordView.swift */,
			);
			path = MedicalRecord;
			sourceTree = "<group>";
		};
		1A84E1BE2CC03341003EAE2F /* WeightRecord */ = {
			isa = PBXGroup;
			children = (
				1A84E1BC2CC0333D003EAE2F /* NewAndEditWeightView.swift */,
				1A84E1C12CC03B23003EAE2F /* WeightsView.swift */,
				1A84E1BF2CC038A8003EAE2F /* CustomInputField.swift */,
			);
			path = WeightRecord;
			sourceTree = "<group>";
		};
		1A84E1F12CC23C7D003EAE2F /* Language */ = {
			isa = PBXGroup;
			children = (
				1A408FD82CB44237004B78A4 /* LanguageView.swift */,
				1A84E1ED2CC23AA0003EAE2F /* LanguageManager.swift */,
				1A84E1F22CC243B2003EAE2F /* StringEx.swift */,
			);
			path = Language;
			sourceTree = "<group>";
		};
		1A932AB12CAD8F6500954B71 = {
			isa = PBXGroup;
			children = (
				1A932ABC2CAD8F6500954B71 /* Meow */,
				1A932ABB2CAD8F6500954B71 /* Products */,
			);
			sourceTree = "<group>";
		};
		1A932ABB2CAD8F6500954B71 /* Products */ = {
			isa = PBXGroup;
			children = (
				1A932ABA2CAD8F6500954B71 /* Meow.app */,
			);
			name = Products;
			sourceTree = "<group>";
		};
		1A932ABC2CAD8F6500954B71 /* Meow */ = {
			isa = PBXGroup;
			children = (
				D2D3CFA72CC4A48600838235 /* ViewModel */,
				D2D3CFA42CC4A47A00838235 /* Fonts */,
				D2D3CFA12CC4A46F00838235 /* Utilities */,
				1A408FC62CB3C8DE004B78A4 /* Other */,
				1A408FCD2CB3C95C004B78A4 /* Help */,
				1A408FC42CB3C8C5004B78A4 /* View */,
				1A408FC52CB3C8D2004B78A4 /* Model */,
				1A932ABF2CAD8F6500954B71 /* ContentView.swift */,
				1A84E1B02CC0254A003EAE2F /* Extension.swift */,
				1A932ABD2CAD8F6500954B71 /* MeowApp.swift */,
				1A932AC12CAD8F6700954B71 /* Assets.xcassets */,
				1A932AC32CAD8F6700954B71 /* Preview Content */,
				1A84E1E32CC151CE003EAE2F /* Localizable.strings */,
			);
			path = Meow;
			sourceTree = "<group>";
		};
		1A932AC32CAD8F6700954B71 /* Preview Content */ = {
			isa = PBXGroup;
			children = (
				1A932AC42CAD8F6700954B71 /* Preview Assets.xcassets */,
				D2D3CFAF2CC4A61B00838235 /* MP3Preview.swift */,
				D2D3CFB02CC4A61B00838235 /* M4APreview.swift */,
				D2D3CFBF2CC4A61B00838235 /* Sample Audio Files */,
			);
			path = "Preview Content";
			sourceTree = "<group>";
		};
		1AF4226D2CBCB41F00533A7E /* Cats */ = {
			isa = PBXGroup;
			children = (
				1A408FC02CB3C886004B78A4 /* CatsView.swift */,
				1A408FDD2CB44793004B78A4 /* AddAndEditCatView.swift */,
			);
			path = Cats;
			sourceTree = "<group>";
		};
		1AF4226E2CBCB42700533A7E /* Audio */ = {
			isa = PBXGroup;
			children = (
				D2D3CFA92CC4A4A600838235 /* AudioListItemView.swift */,
				D2D3CFAA2CC4A4A600838235 /* WaveformView.swift */,
				1A408FC22CB3C8B3004B78A4 /* UnusedSoundsView.swift */,
				1A408FD22CB3EE79004B78A4 /* AudioTrimView.swift */,
				1A84E1EB2CC171F7003EAE2F /* UnusedWavesView.swift */,
				1A408FC92CB3C91A004B78A4 /* RecordButton.swift */,
				D2D3CFAD2CC4A5EB00838235 /* SoundsView.swift */,
			);
			path = Audio;
			sourceTree = "<group>";
		};
		D2D3CFA12CC4A46F00838235 /* Utilities */ = {
			isa = PBXGroup;
			children = (
				D2D3CFA02CC4A46F00838235 /* IconButton.swift */,
				D2A538792CC51BF200417B72 /* TextButton.swift */,
			);
			path = Utilities;
			sourceTree = "<group>";
		};
		D2D3CFA42CC4A47A00838235 /* Fonts */ = {
			isa = PBXGroup;
			children = (
				D2D3CFA32CC4A47A00838235 /* Righteous-Regular.ttf */,
			);
			path = Fonts;
			sourceTree = "<group>";
		};
		D2D3CFA72CC4A48600838235 /* ViewModel */ = {
			isa = PBXGroup;
			children = (
				D2D3CFA62CC4A48600838235 /* AudioPlayerViewModel.swift */,
			);
			path = ViewModel;
			sourceTree = "<group>";
		};
		D2D3CFB72CC4A61B00838235 /* M4A Files */ = {
			isa = PBXGroup;
			children = (
				D2D3CFB12CC4A61B00838235 /* iPhone 12 - 很高兴的声音.m4a */,
				D2D3CFB22CC4A61B00838235 /* iPhone 12 - 撒娇的声音.m4a */,
				D2D3CFB32CC4A61B00838235 /* iPhone 12 - 生气的声音.m4a */,
				D2D3CFB42CC4A61B00838235 /* iPhone 7 - 很高兴的声音.m4a */,
				D2D3CFB52CC4A61B00838235 /* iPhone 7 - 撒娇的声音.m4a */,
				D2D3CFB62CC4A61B00838235 /* iPhone 7 - 生气的声音.m4a */,
			);
			path = "M4A Files";
			sourceTree = "<group>";
		};
		D2D3CFBE2CC4A61B00838235 /* MP3 Files */ = {
			isa = PBXGroup;
			children = (
				D2D3CFB82CC4A61B00838235 /* numbers_01.mp3 */,
				D2D3CFB92CC4A61B00838235 /* numbers_02.mp3 */,
				D2D3CFBA2CC4A61B00838235 /* numbers_03.mp3 */,
				D2D3CFBB2CC4A61B00838235 /* numbers_3s_01.mp3 */,
				D2D3CFBC2CC4A61B00838235 /* numbers_3s_02.mp3 */,
				D2D3CFBD2CC4A61B00838235 /* numbers_3s_03.mp3 */,
			);
			path = "MP3 Files";
			sourceTree = "<group>";
		};
		D2D3CFBF2CC4A61B00838235 /* Sample Audio Files */ = {
			isa = PBXGroup;
			children = (
				D2D3CFB72CC4A61B00838235 /* M4A Files */,
				D2D3CFBE2CC4A61B00838235 /* MP3 Files */,
			);
			path = "Sample Audio Files";
			sourceTree = "<group>";
		};
/* End PBXGroup section */

/* Begin PBXNativeTarget section */
		1A932AB92CAD8F6500954B71 /* Meow */ = {
			isa = PBXNativeTarget;
			buildConfigurationList = 1A932AC82CAD8F6700954B71 /* Build configuration list for PBXNativeTarget "Meow" */;
			buildPhases = (
				1A932AB62CAD8F6500954B71 /* Sources */,
				1A932AB72CAD8F6500954B71 /* Frameworks */,
				1A932AB82CAD8F6500954B71 /* Resources */,
			);
			buildRules = (
			);
			dependencies = (
			);
			name = Meow;
			productName = Meow;
			productReference = 1A932ABA2CAD8F6500954B71 /* Meow.app */;
			productType = "com.apple.product-type.application";
		};
/* End PBXNativeTarget section */

/* Begin PBXProject section */
		1A932AB22CAD8F6500954B71 /* Project object */ = {
			isa = PBXProject;
			attributes = {
				BuildIndependentTargetsInParallel = 1;
				LastSwiftUpdateCheck = 1540;
				LastUpgradeCheck = 1540;
				TargetAttributes = {
					1A932AB92CAD8F6500954B71 = {
						CreatedOnToolsVersion = 15.4;
					};
				};
			};
			buildConfigurationList = 1A932AB52CAD8F6500954B71 /* Build configuration list for PBXProject "Meow" */;
			compatibilityVersion = "Xcode 14.0";
			developmentRegion = en;
			hasScannedForEncodings = 0;
			knownRegions = (
				en,
				Base,
				"zh-Hans",
				"zh-Hant",
				ja,
			);
			mainGroup = 1A932AB12CAD8F6500954B71;
			productRefGroup = 1A932ABB2CAD8F6500954B71 /* Products */;
			projectDirPath = "";
			projectRoot = "";
			targets = (
				1A932AB92CAD8F6500954B71 /* Meow */,
			);
		};
/* End PBXProject section */

/* Begin PBXResourcesBuildPhase section */
		1A932AB82CAD8F6500954B71 /* Resources */ = {
			isa = PBXResourcesBuildPhase;
			buildActionMask = 2147483647;
			files = (
				D2D3CFD02CC4AA6C00838235 /* Righteous-Regular.ttf in Resources */,
				1A932AC52CAD8F6700954B71 /* Preview Assets.xcassets in Resources */,
				1A84E1E52CC151CE003EAE2F /* Localizable.strings in Resources */,
				D2D3CFC02CC4A61B00838235 /* numbers_01.mp3 in Resources */,
				D2D3CFC12CC4A61B00838235 /* iPhone 7 - 生气的声音.m4a in Resources */,
				D2D3CFC22CC4A61B00838235 /* numbers_3s_01.mp3 in Resources */,
				D2D3CFC32CC4A61B00838235 /* numbers_3s_02.mp3 in Resources */,
				D2D3CFC42CC4A61B00838235 /* numbers_03.mp3 in Resources */,
				D2D3CFC52CC4A61B00838235 /* iPhone 7 - 撒娇的声音.m4a in Resources */,
				D2D3CFC62CC4A61B00838235 /* numbers_02.mp3 in Resources */,
				D2D3CFC72CC4A61B00838235 /* iPhone 7 - 很高兴的声音.m4a in Resources */,
				D2D3CFC82CC4A61B00838235 /* iPhone 12 - 撒娇的声音.m4a in Resources */,
				D2D3CFC92CC4A61B00838235 /* iPhone 12 - 很高兴的声音.m4a in Resources */,
				D2D3CFCA2CC4A61B00838235 /* iPhone 12 - 生气的声音.m4a in Resources */,
				D2D3CFCB2CC4A61B00838235 /* numbers_3s_03.mp3 in Resources */,
				1A932AC22CAD8F6700954B71 /* Assets.xcassets in Resources */,
			);
			runOnlyForDeploymentPostprocessing = 0;
		};
/* End PBXResourcesBuildPhase section */

/* Begin PBXSourcesBuildPhase section */
		1A932AB62CAD8F6500954B71 /* Sources */ = {
			isa = PBXSourcesBuildPhase;
			buildActionMask = 2147483647;
			files = (
				D2D3CFCF2CC4A8BB00838235 /* Audio.swift in Sources */,
				1A408FCA2CB3C91A004B78A4 /* RecordButton.swift in Sources */,
				1A84E1EE2CC23AA0003EAE2F /* LanguageManager.swift in Sources */,
				D2A5387A2CC51BF200417B72 /* TextButton.swift in Sources */,
				1A932AC02CAD8F6500954B71 /* ContentView.swift in Sources */,
				1A84E1F32CC243B2003EAE2F /* StringEx.swift in Sources */,
				1A84E1AF2CBF9CDA003EAE2F /* NewEventView.swift in Sources */,
				1A408FD92CB44237004B78A4 /* LanguageView.swift in Sources */,
				1A932ABE2CAD8F6500954B71 /* MeowApp.swift in Sources */,
				1A84E1C22CC03B23003EAE2F /* WeightsView.swift in Sources */,
				1A84E1B82CC02C0A003EAE2F /* PetMedicalRecordView.swift in Sources */,
				1A84E1EC2CC171F7003EAE2F /* UnusedWavesView.swift in Sources */,
				1A408FDE2CB44793004B78A4 /* AddAndEditCatView.swift in Sources */,
				1A932AD02CAD93DF00954B71 /* Previewer.swift in Sources */,
				D2D3CFCC2CC4A61B00838235 /* MP3Preview.swift in Sources */,
				D2D3CFCD2CC4A61B00838235 /* M4APreview.swift in Sources */,
				1A408FD72CB44227004B78A4 /* ThemeView.swift in Sources */,
				1A84E1AA2CBF99F9003EAE2F /* EventsView.swift in Sources */,
				1A84E1BD2CC0333D003EAE2F /* NewAndEditWeightView.swift in Sources */,
				D2D3CFA22CC4A46F00838235 /* IconButton.swift in Sources */,
				1A408FC82CB3C900004B78A4 /* SettingView.swift in Sources */,
				1A84E1C02CC038A8003EAE2F /* CustomInputField.swift in Sources */,
				D2D3CFA82CC4A48600838235 /* AudioPlayerViewModel.swift in Sources */,
				1A84E1B32CC02AC0003EAE2F /* FinanceView.swift in Sources */,
				1A408FC12CB3C886004B78A4 /* CatsView.swift in Sources */,
				1A84E1AD2CBF9CC0003EAE2F /* Event.swift in Sources */,
				1A408FDB2CB44245004B78A4 /* AboutView.swift in Sources */,
				D2D3CFAB2CC4A4A600838235 /* AudioListItemView.swift in Sources */,
				D2D3CFAC2CC4A4A600838235 /* WaveformView.swift in Sources */,
				1A408FCC2CB3C93A004B78A4 /* AudioRecordHelp.swift in Sources */,
				1A408FE02CB59C20004B78A4 /* AppState.swift in Sources */,
				1A84E1B62CC02B70003EAE2F /* WeightUnitView.swift in Sources */,
				1A84E1B12CC0254A003EAE2F /* Extension.swift in Sources */,
				1A408FC32CB3C8B3004B78A4 /* UnusedSoundsView.swift in Sources */,
				1A408FCF2CB3CC45004B78A4 /* AudioPlayManagerHelp.swift in Sources */,
				1A408FBF2CB3C854004B78A4 /* Model.swift in Sources */,
				1A84E1BA2CC02F15003EAE2F /* SwitchHome.swift in Sources */,
				D2D3CFAE2CC4A5EB00838235 /* SoundsView.swift in Sources */,
				1A408FD32CB3EE79004B78A4 /* AudioTrimView.swift in Sources */,
			);
			runOnlyForDeploymentPostprocessing = 0;
		};
/* End PBXSourcesBuildPhase section */

/* Begin PBXVariantGroup section */
		1A84E1E32CC151CE003EAE2F /* Localizable.strings */ = {
			isa = PBXVariantGroup;
			children = (
				1A84E1E42CC151CE003EAE2F /* en */,
				1A84E1E62CC151F7003EAE2F /* zh-Hans */,
				1A84E1E72CC15211003EAE2F /* zh-Hant */,
				1A84E1E82CC15213003EAE2F /* ja */,
			);
			name = Localizable.strings;
			sourceTree = "<group>";
		};
/* End PBXVariantGroup section */

/* Begin XCBuildConfiguration section */
		1A932AC62CAD8F6700954B71 /* Debug */ = {
			isa = XCBuildConfiguration;
			buildSettings = {
				ALWAYS_SEARCH_USER_PATHS = NO;
				ASSETCATALOG_COMPILER_GENERATE_SWIFT_ASSET_SYMBOL_EXTENSIONS = YES;
				CLANG_ANALYZER_NONNULL = YES;
				CLANG_ANALYZER_NUMBER_OBJECT_CONVERSION = YES_AGGRESSIVE;
				CLANG_CXX_LANGUAGE_STANDARD = "gnu++20";
				CLANG_ENABLE_MODULES = YES;
				CLANG_ENABLE_OBJC_ARC = YES;
				CLANG_ENABLE_OBJC_WEAK = YES;
				CLANG_WARN_BLOCK_CAPTURE_AUTORELEASING = YES;
				CLANG_WARN_BOOL_CONVERSION = YES;
				CLANG_WARN_COMMA = YES;
				CLANG_WARN_CONSTANT_CONVERSION = YES;
				CLANG_WARN_DEPRECATED_OBJC_IMPLEMENTATIONS = YES;
				CLANG_WARN_DIRECT_OBJC_ISA_USAGE = YES_ERROR;
				CLANG_WARN_DOCUMENTATION_COMMENTS = YES;
				CLANG_WARN_EMPTY_BODY = YES;
				CLANG_WARN_ENUM_CONVERSION = YES;
				CLANG_WARN_INFINITE_RECURSION = YES;
				CLANG_WARN_INT_CONVERSION = YES;
				CLANG_WARN_NON_LITERAL_NULL_CONVERSION = YES;
				CLANG_WARN_OBJC_IMPLICIT_RETAIN_SELF = YES;
				CLANG_WARN_OBJC_LITERAL_CONVERSION = YES;
				CLANG_WARN_OBJC_ROOT_CLASS = YES_ERROR;
				CLANG_WARN_QUOTED_INCLUDE_IN_FRAMEWORK_HEADER = YES;
				CLANG_WARN_RANGE_LOOP_ANALYSIS = YES;
				CLANG_WARN_STRICT_PROTOTYPES = YES;
				CLANG_WARN_SUSPICIOUS_MOVE = YES;
				CLANG_WARN_UNGUARDED_AVAILABILITY = YES_AGGRESSIVE;
				CLANG_WARN_UNREACHABLE_CODE = YES;
				CLANG_WARN__DUPLICATE_METHOD_MATCH = YES;
				COPY_PHASE_STRIP = NO;
				DEBUG_INFORMATION_FORMAT = dwarf;
				ENABLE_STRICT_OBJC_MSGSEND = YES;
				ENABLE_TESTABILITY = YES;
				ENABLE_USER_SCRIPT_SANDBOXING = YES;
				GCC_C_LANGUAGE_STANDARD = gnu17;
				GCC_DYNAMIC_NO_PIC = NO;
				GCC_NO_COMMON_BLOCKS = YES;
				GCC_OPTIMIZATION_LEVEL = 0;
				GCC_PREPROCESSOR_DEFINITIONS = (
					"DEBUG=1",
					"$(inherited)",
				);
				GCC_WARN_64_TO_32_BIT_CONVERSION = YES;
				GCC_WARN_ABOUT_RETURN_TYPE = YES_ERROR;
				GCC_WARN_UNDECLARED_SELECTOR = YES;
				GCC_WARN_UNINITIALIZED_AUTOS = YES_AGGRESSIVE;
				GCC_WARN_UNUSED_FUNCTION = YES;
				GCC_WARN_UNUSED_VARIABLE = YES;
				IPHONEOS_DEPLOYMENT_TARGET = 17.0;
				LOCALIZATION_PREFERS_STRING_CATALOGS = YES;
				MTL_ENABLE_DEBUG_INFO = INCLUDE_SOURCE;
				MTL_FAST_MATH = YES;
				ONLY_ACTIVE_ARCH = YES;
				SDKROOT = iphoneos;
				SWIFT_ACTIVE_COMPILATION_CONDITIONS = "DEBUG $(inherited)";
				SWIFT_OPTIMIZATION_LEVEL = "-Onone";
			};
			name = Debug;
		};
		1A932AC72CAD8F6700954B71 /* Release */ = {
			isa = XCBuildConfiguration;
			buildSettings = {
				ALWAYS_SEARCH_USER_PATHS = NO;
				ASSETCATALOG_COMPILER_GENERATE_SWIFT_ASSET_SYMBOL_EXTENSIONS = YES;
				CLANG_ANALYZER_NONNULL = YES;
				CLANG_ANALYZER_NUMBER_OBJECT_CONVERSION = YES_AGGRESSIVE;
				CLANG_CXX_LANGUAGE_STANDARD = "gnu++20";
				CLANG_ENABLE_MODULES = YES;
				CLANG_ENABLE_OBJC_ARC = YES;
				CLANG_ENABLE_OBJC_WEAK = YES;
				CLANG_WARN_BLOCK_CAPTURE_AUTORELEASING = YES;
				CLANG_WARN_BOOL_CONVERSION = YES;
				CLANG_WARN_COMMA = YES;
				CLANG_WARN_CONSTANT_CONVERSION = YES;
				CLANG_WARN_DEPRECATED_OBJC_IMPLEMENTATIONS = YES;
				CLANG_WARN_DIRECT_OBJC_ISA_USAGE = YES_ERROR;
				CLANG_WARN_DOCUMENTATION_COMMENTS = YES;
				CLANG_WARN_EMPTY_BODY = YES;
				CLANG_WARN_ENUM_CONVERSION = YES;
				CLANG_WARN_INFINITE_RECURSION = YES;
				CLANG_WARN_INT_CONVERSION = YES;
				CLANG_WARN_NON_LITERAL_NULL_CONVERSION = YES;
				CLANG_WARN_OBJC_IMPLICIT_RETAIN_SELF = YES;
				CLANG_WARN_OBJC_LITERAL_CONVERSION = YES;
				CLANG_WARN_OBJC_ROOT_CLASS = YES_ERROR;
				CLANG_WARN_QUOTED_INCLUDE_IN_FRAMEWORK_HEADER = YES;
				CLANG_WARN_RANGE_LOOP_ANALYSIS = YES;
				CLANG_WARN_STRICT_PROTOTYPES = YES;
				CLANG_WARN_SUSPICIOUS_MOVE = YES;
				CLANG_WARN_UNGUARDED_AVAILABILITY = YES_AGGRESSIVE;
				CLANG_WARN_UNREACHABLE_CODE = YES;
				CLANG_WARN__DUPLICATE_METHOD_MATCH = YES;
				COPY_PHASE_STRIP = NO;
				DEBUG_INFORMATION_FORMAT = "dwarf-with-dsym";
				ENABLE_NS_ASSERTIONS = NO;
				ENABLE_STRICT_OBJC_MSGSEND = YES;
				ENABLE_USER_SCRIPT_SANDBOXING = YES;
				GCC_C_LANGUAGE_STANDARD = gnu17;
				GCC_NO_COMMON_BLOCKS = YES;
				GCC_WARN_64_TO_32_BIT_CONVERSION = YES;
				GCC_WARN_ABOUT_RETURN_TYPE = YES_ERROR;
				GCC_WARN_UNDECLARED_SELECTOR = YES;
				GCC_WARN_UNINITIALIZED_AUTOS = YES_AGGRESSIVE;
				GCC_WARN_UNUSED_FUNCTION = YES;
				GCC_WARN_UNUSED_VARIABLE = YES;
				IPHONEOS_DEPLOYMENT_TARGET = 17.0;
				LOCALIZATION_PREFERS_STRING_CATALOGS = YES;
				MTL_ENABLE_DEBUG_INFO = NO;
				MTL_FAST_MATH = YES;
				SDKROOT = iphoneos;
				SWIFT_COMPILATION_MODE = wholemodule;
				VALIDATE_PRODUCT = YES;
			};
			name = Release;
		};
		1A932AC92CAD8F6700954B71 /* Debug */ = {
			isa = XCBuildConfiguration;
			buildSettings = {
				ASSETCATALOG_COMPILER_APPICON_NAME = AppIcon;
				ASSETCATALOG_COMPILER_GLOBAL_ACCENT_COLOR_NAME = AccentColor;
				CODE_SIGN_STYLE = Automatic;
				CURRENT_PROJECT_VERSION = 1;
				DEVELOPMENT_ASSET_PATHS = "\"Meow/Preview Content\"";
				DEVELOPMENT_TEAM = "";
				ENABLE_PREVIEWS = YES;
				GENERATE_INFOPLIST_FILE = YES;
				INFOPLIST_FILE = Meow/Info.plist;
				INFOPLIST_KEY_CFBundleDisplayName = "喵声";
				INFOPLIST_KEY_LSApplicationCategoryType = "public.app-category.entertainment";
				INFOPLIST_KEY_NSMicrophoneUsageDescription = "This app requires access to the microphone to record audio.";
				INFOPLIST_KEY_NSPhotoLibraryUsageDescription = "This app requires access to the photo library to save images.";
				INFOPLIST_KEY_UIApplicationSceneManifest_Generation = YES;
				INFOPLIST_KEY_UIApplicationSupportsIndirectInputEvents = YES;
				INFOPLIST_KEY_UILaunchScreen_Generation = YES;
				INFOPLIST_KEY_UIStatusBarStyle = "";
				INFOPLIST_KEY_UISupportedInterfaceOrientations_iPad = "UIInterfaceOrientationLandscapeLeft UIInterfaceOrientationLandscapeRight";
				LD_RUNPATH_SEARCH_PATHS = (
					"$(inherited)",
					"@executable_path/Frameworks",
				);
				MARKETING_VERSION = 1.0;
				PRODUCT_BUNDLE_IDENTIFIER = com.cain.Meow;
				PRODUCT_NAME = "$(TARGET_NAME)";
				SUPPORTED_PLATFORMS = "iphoneos iphonesimulator";
				SUPPORTS_MACCATALYST = NO;
				SUPPORTS_MAC_DESIGNED_FOR_IPHONE_IPAD = NO;
				SUPPORTS_XR_DESIGNED_FOR_IPHONE_IPAD = NO;
				SWIFT_EMIT_LOC_STRINGS = YES;
				SWIFT_VERSION = 5.0;
				TARGETED_DEVICE_FAMILY = 1;
			};
			name = Debug;
		};
		1A932ACA2CAD8F6700954B71 /* Release */ = {
			isa = XCBuildConfiguration;
			buildSettings = {
				ASSETCATALOG_COMPILER_APPICON_NAME = AppIcon;
				ASSETCATALOG_COMPILER_GLOBAL_ACCENT_COLOR_NAME = AccentColor;
				CODE_SIGN_STYLE = Automatic;
				CURRENT_PROJECT_VERSION = 1;
				DEVELOPMENT_ASSET_PATHS = "\"Meow/Preview Content\"";
				DEVELOPMENT_TEAM = "";
				ENABLE_PREVIEWS = YES;
				GENERATE_INFOPLIST_FILE = YES;
				INFOPLIST_FILE = Meow/Info.plist;
				INFOPLIST_KEY_CFBundleDisplayName = "喵声";
				INFOPLIST_KEY_LSApplicationCategoryType = "public.app-category.entertainment";
				INFOPLIST_KEY_NSMicrophoneUsageDescription = "This app requires access to the microphone to record audio.";
				INFOPLIST_KEY_NSPhotoLibraryUsageDescription = "This app requires access to the photo library to save images.";
				INFOPLIST_KEY_UIApplicationSceneManifest_Generation = YES;
				INFOPLIST_KEY_UIApplicationSupportsIndirectInputEvents = YES;
				INFOPLIST_KEY_UILaunchScreen_Generation = YES;
				INFOPLIST_KEY_UIStatusBarStyle = "";
				INFOPLIST_KEY_UISupportedInterfaceOrientations_iPad = "UIInterfaceOrientationLandscapeLeft UIInterfaceOrientationLandscapeRight";
				LD_RUNPATH_SEARCH_PATHS = (
					"$(inherited)",
					"@executable_path/Frameworks",
				);
				MARKETING_VERSION = 1.0;
				PRODUCT_BUNDLE_IDENTIFIER = com.cain.Meow;
				PRODUCT_NAME = "$(TARGET_NAME)";
				SUPPORTED_PLATFORMS = "iphoneos iphonesimulator";
				SUPPORTS_MACCATALYST = NO;
				SUPPORTS_MAC_DESIGNED_FOR_IPHONE_IPAD = NO;
				SUPPORTS_XR_DESIGNED_FOR_IPHONE_IPAD = NO;
				SWIFT_EMIT_LOC_STRINGS = YES;
				SWIFT_VERSION = 5.0;
				TARGETED_DEVICE_FAMILY = 1;
			};
			name = Release;
		};
/* End XCBuildConfiguration section */

/* Begin XCConfigurationList section */
		1A932AB52CAD8F6500954B71 /* Build configuration list for PBXProject "Meow" */ = {
			isa = XCConfigurationList;
			buildConfigurations = (
				1A932AC62CAD8F6700954B71 /* Debug */,
				1A932AC72CAD8F6700954B71 /* Release */,
			);
			defaultConfigurationIsVisible = 0;
			defaultConfigurationName = Release;
		};
		1A932AC82CAD8F6700954B71 /* Build configuration list for PBXNativeTarget "Meow" */ = {
			isa = XCConfigurationList;
			buildConfigurations = (
				1A932AC92CAD8F6700954B71 /* Debug */,
				1A932ACA2CAD8F6700954B71 /* Release */,
			);
			defaultConfigurationIsVisible = 0;
			defaultConfigurationName = Release;
		};
/* End XCConfigurationList section */
	};
	rootObject = 1A932AB22CAD8F6500954B71 /* Project object */;
}
