// !$*UTF8*$!
{
	archiveVersion = 1;
	classes = {
	};
	objectVersion = 56;
	objects = {

/* Begin PBXBuildFile section */
		1A408FBF2CB3C854004B78A4 /* Model.swift in Sources */ = {isa = PBXBuildFile; fileRef = 1A408FBE2CB3C854004B78A4 /* Model.swift */; };
		1A408FC12CB3C886004B78A4 /* CatsView.swift in Sources */ = {isa = PBXBuildFile; fileRef = 1A408FC02CB3C886004B78A4 /* CatsView.swift */; };
		1A408FC32CB3C8B3004B78A4 /* SoundsView.swift in Sources */ = {isa = PBXBuildFile; fileRef = 1A408FC22CB3C8B3004B78A4 /* SoundsView.swift */; };
		1A408FC82CB3C900004B78A4 /* SettingView.swift in Sources */ = {isa = PBXBuildFile; fileRef = 1A408FC72CB3C900004B78A4 /* SettingView.swift */; };
		1A408FCA2CB3C91A004B78A4 /* RecordButton.swift in Sources */ = {isa = PBXBuildFile; fileRef = 1A408FC92CB3C91A004B78A4 /* RecordButton.swift */; };
		1A408FCC2CB3C93A004B78A4 /* AudioRecordHelp.swift in Sources */ = {isa = PBXBuildFile; fileRef = 1A408FCB2CB3C93A004B78A4 /* AudioRecordHelp.swift */; };
		1A408FCF2CB3CC45004B78A4 /* AudioPlayManagerHelp.swift in Sources */ = {isa = PBXBuildFile; fileRef = 1A408FCE2CB3CC45004B78A4 /* AudioPlayManagerHelp.swift */; };
		1A408FD32CB3EE79004B78A4 /* AudioTrimView.swift in Sources */ = {isa = PBXBuildFile; fileRef = 1A408FD22CB3EE79004B78A4 /* AudioTrimView.swift */; };
		1A408FD72CB44227004B78A4 /* ThemeView.swift in Sources */ = {isa = PBXBuildFile; fileRef = 1A408FD62CB44227004B78A4 /* ThemeView.swift */; };
		1A408FD92CB44237004B78A4 /* LanguageView.swift in Sources */ = {isa = PBXBuildFile; fileRef = 1A408FD82CB44237004B78A4 /* LanguageView.swift */; };
		1A408FDB2CB44245004B78A4 /* AboutView.swift in Sources */ = {isa = PBXBuildFile; fileRef = 1A408FDA2CB44245004B78A4 /* AboutView.swift */; };
		1A408FDE2CB44793004B78A4 /* AddAndEditCatView.swift in Sources */ = {isa = PBXBuildFile; fileRef = 1A408FDD2CB44793004B78A4 /* AddAndEditCatView.swift */; };
		1A408FE02CB59C20004B78A4 /* AppState.swift in Sources */ = {isa = PBXBuildFile; fileRef = 1A408FDF2CB59C20004B78A4 /* AppState.swift */; };
		1A932ABE2CAD8F6500954B71 /* TestApp.swift in Sources */ = {isa = PBXBuildFile; fileRef = 1A932ABD2CAD8F6500954B71 /* TestApp.swift */; };
		1A932AC02CAD8F6500954B71 /* ContentView.swift in Sources */ = {isa = PBXBuildFile; fileRef = 1A932ABF2CAD8F6500954B71 /* ContentView.swift */; };
		1A932AC22CAD8F6700954B71 /* Assets.xcassets in Resources */ = {isa = PBXBuildFile; fileRef = 1A932AC12CAD8F6700954B71 /* Assets.xcassets */; };
		1A932AC52CAD8F6700954B71 /* Preview Assets.xcassets in Resources */ = {isa = PBXBuildFile; fileRef = 1A932AC42CAD8F6700954B71 /* Preview Assets.xcassets */; };
		1A932AD02CAD93DF00954B71 /* Previewer.swift in Sources */ = {isa = PBXBuildFile; fileRef = 1A932ACF2CAD93DF00954B71 /* Previewer.swift */; };
/* End PBXBuildFile section */

/* Begin PBXFileReference section */
		1A408FBE2CB3C854004B78A4 /* Model.swift */ = {isa = PBXFileReference; lastKnownFileType = sourcecode.swift; path = Model.swift; sourceTree = "<group>"; };
		1A408FC02CB3C886004B78A4 /* CatsView.swift */ = {isa = PBXFileReference; lastKnownFileType = sourcecode.swift; path = CatsView.swift; sourceTree = "<group>"; };
		1A408FC22CB3C8B3004B78A4 /* SoundsView.swift */ = {isa = PBXFileReference; lastKnownFileType = sourcecode.swift; path = SoundsView.swift; sourceTree = "<group>"; };
		1A408FC72CB3C900004B78A4 /* SettingView.swift */ = {isa = PBXFileReference; lastKnownFileType = sourcecode.swift; path = SettingView.swift; sourceTree = "<group>"; };
		1A408FC92CB3C91A004B78A4 /* RecordButton.swift */ = {isa = PBXFileReference; lastKnownFileType = sourcecode.swift; path = RecordButton.swift; sourceTree = "<group>"; };
		1A408FCB2CB3C93A004B78A4 /* AudioRecordHelp.swift */ = {isa = PBXFileReference; lastKnownFileType = sourcecode.swift; path = AudioRecordHelp.swift; sourceTree = "<group>"; };
		1A408FCE2CB3CC45004B78A4 /* AudioPlayManagerHelp.swift */ = {isa = PBXFileReference; lastKnownFileType = sourcecode.swift; path = AudioPlayManagerHelp.swift; sourceTree = "<group>"; };
		1A408FD22CB3EE79004B78A4 /* AudioTrimView.swift */ = {isa = PBXFileReference; lastKnownFileType = sourcecode.swift; path = AudioTrimView.swift; sourceTree = "<group>"; };
		1A408FD62CB44227004B78A4 /* ThemeView.swift */ = {isa = PBXFileReference; lastKnownFileType = sourcecode.swift; path = ThemeView.swift; sourceTree = "<group>"; };
		1A408FD82CB44237004B78A4 /* LanguageView.swift */ = {isa = PBXFileReference; lastKnownFileType = sourcecode.swift; path = LanguageView.swift; sourceTree = "<group>"; };
		1A408FDA2CB44245004B78A4 /* AboutView.swift */ = {isa = PBXFileReference; lastKnownFileType = sourcecode.swift; path = AboutView.swift; sourceTree = "<group>"; };
		1A408FDD2CB44793004B78A4 /* AddAndEditCatView.swift */ = {isa = PBXFileReference; lastKnownFileType = sourcecode.swift; path = AddAndEditCatView.swift; sourceTree = "<group>"; };
		1A408FDF2CB59C20004B78A4 /* AppState.swift */ = {isa = PBXFileReference; lastKnownFileType = sourcecode.swift; path = AppState.swift; sourceTree = "<group>"; };
		1A932ABA2CAD8F6500954B71 /* Test.app */ = {isa = PBXFileReference; explicitFileType = wrapper.application; includeInIndex = 0; path = Test.app; sourceTree = BUILT_PRODUCTS_DIR; };
		1A932ABD2CAD8F6500954B71 /* TestApp.swift */ = {isa = PBXFileReference; lastKnownFileType = sourcecode.swift; path = TestApp.swift; sourceTree = "<group>"; };
		1A932ABF2CAD8F6500954B71 /* ContentView.swift */ = {isa = PBXFileReference; lastKnownFileType = sourcecode.swift; path = ContentView.swift; sourceTree = "<group>"; };
		1A932AC12CAD8F6700954B71 /* Assets.xcassets */ = {isa = PBXFileReference; lastKnownFileType = folder.assetcatalog; path = Assets.xcassets; sourceTree = "<group>"; };
		1A932AC42CAD8F6700954B71 /* Preview Assets.xcassets */ = {isa = PBXFileReference; lastKnownFileType = folder.assetcatalog; path = "Preview Assets.xcassets"; sourceTree = "<group>"; };
		1A932ACF2CAD93DF00954B71 /* Previewer.swift */ = {isa = PBXFileReference; lastKnownFileType = sourcecode.swift; path = Previewer.swift; sourceTree = "<group>"; };
/* End PBXFileReference section */

/* Begin PBXFrameworksBuildPhase section */
		1A932AB72CAD8F6500954B71 /* Frameworks */ = {
			isa = PBXFrameworksBuildPhase;
			buildActionMask = 2147483647;
			files = (
			);
			runOnlyForDeploymentPostprocessing = 0;
		};
/* End PBXFrameworksBuildPhase section */

/* Begin PBXGroup section */
		1A408FC42CB3C8C5004B78A4 /* View */ = {
			isa = PBXGroup;
			children = (
				1AF4226E2CBCB42700533A7E /* Audio */,
				1AF4226D2CBCB41F00533A7E /* Cats */,
				1A408FDC2CB4476C004B78A4 /* Setting */,
			);
			path = View;
			sourceTree = "<group>";
		};
		1A408FC52CB3C8D2004B78A4 /* Model */ = {
			isa = PBXGroup;
			children = (
				1A408FBE2CB3C854004B78A4 /* Model.swift */,
			);
			path = Model;
			sourceTree = "<group>";
		};
		1A408FC62CB3C8DE004B78A4 /* Other */ = {
			isa = PBXGroup;
			children = (
				1A932ACF2CAD93DF00954B71 /* Previewer.swift */,
				1A408FDF2CB59C20004B78A4 /* AppState.swift */,
			);
			path = Other;
			sourceTree = "<group>";
		};
		1A408FCD2CB3C95C004B78A4 /* Help */ = {
			isa = PBXGroup;
			children = (
				1A408FCB2CB3C93A004B78A4 /* AudioRecordHelp.swift */,
				1A408FCE2CB3CC45004B78A4 /* AudioPlayManagerHelp.swift */,
			);
			path = Help;
			sourceTree = "<group>";
		};
		1A408FDC2CB4476C004B78A4 /* Setting */ = {
			isa = PBXGroup;
			children = (
				1A408FC72CB3C900004B78A4 /* SettingView.swift */,
				1A408FDA2CB44245004B78A4 /* AboutView.swift */,
				1A408FD82CB44237004B78A4 /* LanguageView.swift */,
				1A408FD62CB44227004B78A4 /* ThemeView.swift */,
			);
			path = Setting;
			sourceTree = "<group>";
		};
		1A932AB12CAD8F6500954B71 = {
			isa = PBXGroup;
			children = (
				1A932ABC2CAD8F6500954B71 /* Test */,
				1A932ABB2CAD8F6500954B71 /* Products */,
			);
			sourceTree = "<group>";
		};
		1A932ABB2CAD8F6500954B71 /* Products */ = {
			isa = PBXGroup;
			children = (
				1A932ABA2CAD8F6500954B71 /* Test.app */,
			);
			name = Products;
			sourceTree = "<group>";
		};
		1A932ABC2CAD8F6500954B71 /* Test */ = {
			isa = PBXGroup;
			children = (
				1A408FC62CB3C8DE004B78A4 /* Other */,
				1A408FCD2CB3C95C004B78A4 /* Help */,
				1A408FC42CB3C8C5004B78A4 /* View */,
				1A408FC52CB3C8D2004B78A4 /* Model */,
				1A932ABF2CAD8F6500954B71 /* ContentView.swift */,
				1A932ABD2CAD8F6500954B71 /* TestApp.swift */,
				1A932AC12CAD8F6700954B71 /* Assets.xcassets */,
				1A932AC32CAD8F6700954B71 /* Preview Content */,
			);
			path = Test;
			sourceTree = "<group>";
		};
		1A932AC32CAD8F6700954B71 /* Preview Content */ = {
			isa = PBXGroup;
			children = (
				1A932AC42CAD8F6700954B71 /* Preview Assets.xcassets */,
			);
			path = "Preview Content";
			sourceTree = "<group>";
		};
		1AF4226D2CBCB41F00533A7E /* Cats */ = {
			isa = PBXGroup;
			children = (
				1A408FC02CB3C886004B78A4 /* CatsView.swift */,
				1A408FDD2CB44793004B78A4 /* AddAndEditCatView.swift */,
			);
			path = Cats;
			sourceTree = "<group>";
		};
		1AF4226E2CBCB42700533A7E /* Audio */ = {
			isa = PBXGroup;
			children = (
				1A408FC22CB3C8B3004B78A4 /* SoundsView.swift */,
				1A408FD22CB3EE79004B78A4 /* AudioTrimView.swift */,
				1A408FC92CB3C91A004B78A4 /* RecordButton.swift */,
			);
			path = Audio;
			sourceTree = "<group>";
		};
/* End PBXGroup section */

/* Begin PBXNativeTarget section */
		1A932AB92CAD8F6500954B71 /* Test */ = {
			isa = PBXNativeTarget;
			buildConfigurationList = 1A932AC82CAD8F6700954B71 /* Build configuration list for PBXNativeTarget "Test" */;
			buildPhases = (
				1A932AB62CAD8F6500954B71 /* Sources */,
				1A932AB72CAD8F6500954B71 /* Frameworks */,
				1A932AB82CAD8F6500954B71 /* Resources */,
			);
			buildRules = (
			);
			dependencies = (
			);
			name = Test;
			productName = Test;
			productReference = 1A932ABA2CAD8F6500954B71 /* Test.app */;
			productType = "com.apple.product-type.application";
		};
/* End PBXNativeTarget section */

/* Begin PBXProject section */
		1A932AB22CAD8F6500954B71 /* Project object */ = {
			isa = PBXProject;
			attributes = {
				BuildIndependentTargetsInParallel = 1;
				LastSwiftUpdateCheck = 1540;
				LastUpgradeCheck = 1540;
				TargetAttributes = {
					1A932AB92CAD8F6500954B71 = {
						CreatedOnToolsVersion = 15.4;
					};
				};
			};
			buildConfigurationList = 1A932AB52CAD8F6500954B71 /* Build configuration list for PBXProject "Test" */;
			compatibilityVersion = "Xcode 14.0";
			developmentRegion = en;
			hasScannedForEncodings = 0;
			knownRegions = (
				en,
				Base,
			);
			mainGroup = 1A932AB12CAD8F6500954B71;
			productRefGroup = 1A932ABB2CAD8F6500954B71 /* Products */;
			projectDirPath = "";
			projectRoot = "";
			targets = (
				1A932AB92CAD8F6500954B71 /* Test */,
			);
		};
/* End PBXProject section */

/* Begin PBXResourcesBuildPhase section */
		1A932AB82CAD8F6500954B71 /* Resources */ = {
			isa = PBXResourcesBuildPhase;
			buildActionMask = 2147483647;
			files = (
				1A932AC52CAD8F6700954B71 /* Preview Assets.xcassets in Resources */,
				1A932AC22CAD8F6700954B71 /* Assets.xcassets in Resources */,
			);
			runOnlyForDeploymentPostprocessing = 0;
		};
/* End PBXResourcesBuildPhase section */

/* Begin PBXSourcesBuildPhase section */
		1A932AB62CAD8F6500954B71 /* Sources */ = {
			isa = PBXSourcesBuildPhase;
			buildActionMask = 2147483647;
			files = (
				1A408FCA2CB3C91A004B78A4 /* RecordButton.swift in Sources */,
				1A932AC02CAD8F6500954B71 /* ContentView.swift in Sources */,
				1A408FD92CB44237004B78A4 /* LanguageView.swift in Sources */,
				1A932ABE2CAD8F6500954B71 /* TestApp.swift in Sources */,
				1A408FDE2CB44793004B78A4 /* AddAndEditCatView.swift in Sources */,
				1A932AD02CAD93DF00954B71 /* Previewer.swift in Sources */,
				1A408FD72CB44227004B78A4 /* ThemeView.swift in Sources */,
				1A408FC82CB3C900004B78A4 /* SettingView.swift in Sources */,
				1A408FC12CB3C886004B78A4 /* CatsView.swift in Sources */,
				1A408FDB2CB44245004B78A4 /* AboutView.swift in Sources */,
				1A408FCC2CB3C93A004B78A4 /* AudioRecordHelp.swift in Sources */,
				1A408FE02CB59C20004B78A4 /* AppState.swift in Sources */,
				1A408FC32CB3C8B3004B78A4 /* SoundsView.swift in Sources */,
				1A408FCF2CB3CC45004B78A4 /* AudioPlayManagerHelp.swift in Sources */,
				1A408FBF2CB3C854004B78A4 /* Model.swift in Sources */,
				1A408FD32CB3EE79004B78A4 /* AudioTrimView.swift in Sources */,
			);
			runOnlyForDeploymentPostprocessing = 0;
		};
/* End PBXSourcesBuildPhase section */

/* Begin XCBuildConfiguration section */
		1A932AC62CAD8F6700954B71 /* Debug */ = {
			isa = XCBuildConfiguration;
			buildSettings = {
				ALWAYS_SEARCH_USER_PATHS = NO;
				ASSETCATALOG_COMPILER_GENERATE_SWIFT_ASSET_SYMBOL_EXTENSIONS = YES;
				CLANG_ANALYZER_NONNULL = YES;
				CLANG_ANALYZER_NUMBER_OBJECT_CONVERSION = YES_AGGRESSIVE;
				CLANG_CXX_LANGUAGE_STANDARD = "gnu++20";
				CLANG_ENABLE_MODULES = YES;
				CLANG_ENABLE_OBJC_ARC = YES;
				CLANG_ENABLE_OBJC_WEAK = YES;
				CLANG_WARN_BLOCK_CAPTURE_AUTORELEASING = YES;
				CLANG_WARN_BOOL_CONVERSION = YES;
				CLANG_WARN_COMMA = YES;
				CLANG_WARN_CONSTANT_CONVERSION = YES;
				CLANG_WARN_DEPRECATED_OBJC_IMPLEMENTATIONS = YES;
				CLANG_WARN_DIRECT_OBJC_ISA_USAGE = YES_ERROR;
				CLANG_WARN_DOCUMENTATION_COMMENTS = YES;
				CLANG_WARN_EMPTY_BODY = YES;
				CLANG_WARN_ENUM_CONVERSION = YES;
				CLANG_WARN_INFINITE_RECURSION = YES;
				CLANG_WARN_INT_CONVERSION = YES;
				CLANG_WARN_NON_LITERAL_NULL_CONVERSION = YES;
				CLANG_WARN_OBJC_IMPLICIT_RETAIN_SELF = YES;
				CLANG_WARN_OBJC_LITERAL_CONVERSION = YES;
				CLANG_WARN_OBJC_ROOT_CLASS = YES_ERROR;
				CLANG_WARN_QUOTED_INCLUDE_IN_FRAMEWORK_HEADER = YES;
				CLANG_WARN_RANGE_LOOP_ANALYSIS = YES;
				CLANG_WARN_STRICT_PROTOTYPES = YES;
				CLANG_WARN_SUSPICIOUS_MOVE = YES;
				CLANG_WARN_UNGUARDED_AVAILABILITY = YES_AGGRESSIVE;
				CLANG_WARN_UNREACHABLE_CODE = YES;
				CLANG_WARN__DUPLICATE_METHOD_MATCH = YES;
				COPY_PHASE_STRIP = NO;
				DEBUG_INFORMATION_FORMAT = dwarf;
				ENABLE_STRICT_OBJC_MSGSEND = YES;
				ENABLE_TESTABILITY = YES;
				ENABLE_USER_SCRIPT_SANDBOXING = YES;
				GCC_C_LANGUAGE_STANDARD = gnu17;
				GCC_DYNAMIC_NO_PIC = NO;
				GCC_NO_COMMON_BLOCKS = YES;
				GCC_OPTIMIZATION_LEVEL = 0;
				GCC_PREPROCESSOR_DEFINITIONS = (
					"DEBUG=1",
					"$(inherited)",
				);
				GCC_WARN_64_TO_32_BIT_CONVERSION = YES;
				GCC_WARN_ABOUT_RETURN_TYPE = YES_ERROR;
				GCC_WARN_UNDECLARED_SELECTOR = YES;
				GCC_WARN_UNINITIALIZED_AUTOS = YES_AGGRESSIVE;
				GCC_WARN_UNUSED_FUNCTION = YES;
				GCC_WARN_UNUSED_VARIABLE = YES;
				IPHONEOS_DEPLOYMENT_TARGET = 17.5;
				LOCALIZATION_PREFERS_STRING_CATALOGS = YES;
				MTL_ENABLE_DEBUG_INFO = INCLUDE_SOURCE;
				MTL_FAST_MATH = YES;
				ONLY_ACTIVE_ARCH = YES;
				SDKROOT = iphoneos;
				SWIFT_ACTIVE_COMPILATION_CONDITIONS = "DEBUG $(inherited)";
				SWIFT_OPTIMIZATION_LEVEL = "-Onone";
			};
			name = Debug;
		};
		1A932AC72CAD8F6700954B71 /* Release */ = {
			isa = XCBuildConfiguration;
			buildSettings = {
				ALWAYS_SEARCH_USER_PATHS = NO;
				ASSETCATALOG_COMPILER_GENERATE_SWIFT_ASSET_SYMBOL_EXTENSIONS = YES;
				CLANG_ANALYZER_NONNULL = YES;
				CLANG_ANALYZER_NUMBER_OBJECT_CONVERSION = YES_AGGRESSIVE;
				CLANG_CXX_LANGUAGE_STANDARD = "gnu++20";
				CLANG_ENABLE_MODULES = YES;
				CLANG_ENABLE_OBJC_ARC = YES;
				CLANG_ENABLE_OBJC_WEAK = YES;
				CLANG_WARN_BLOCK_CAPTURE_AUTORELEASING = YES;
				CLANG_WARN_BOOL_CONVERSION = YES;
				CLANG_WARN_COMMA = YES;
				CLANG_WARN_CONSTANT_CONVERSION = YES;
				CLANG_WARN_DEPRECATED_OBJC_IMPLEMENTATIONS = YES;
				CLANG_WARN_DIRECT_OBJC_ISA_USAGE = YES_ERROR;
				CLANG_WARN_DOCUMENTATION_COMMENTS = YES;
				CLANG_WARN_EMPTY_BODY = YES;
				CLANG_WARN_ENUM_CONVERSION = YES;
				CLANG_WARN_INFINITE_RECURSION = YES;
				CLANG_WARN_INT_CONVERSION = YES;
				CLANG_WARN_NON_LITERAL_NULL_CONVERSION = YES;
				CLANG_WARN_OBJC_IMPLICIT_RETAIN_SELF = YES;
				CLANG_WARN_OBJC_LITERAL_CONVERSION = YES;
				CLANG_WARN_OBJC_ROOT_CLASS = YES_ERROR;
				CLANG_WARN_QUOTED_INCLUDE_IN_FRAMEWORK_HEADER = YES;
				CLANG_WARN_RANGE_LOOP_ANALYSIS = YES;
				CLANG_WARN_STRICT_PROTOTYPES = YES;
				CLANG_WARN_SUSPICIOUS_MOVE = YES;
				CLANG_WARN_UNGUARDED_AVAILABILITY = YES_AGGRESSIVE;
				CLANG_WARN_UNREACHABLE_CODE = YES;
				CLANG_WARN__DUPLICATE_METHOD_MATCH = YES;
				COPY_PHASE_STRIP = NO;
				DEBUG_INFORMATION_FORMAT = "dwarf-with-dsym";
				ENABLE_NS_ASSERTIONS = NO;
				ENABLE_STRICT_OBJC_MSGSEND = YES;
				ENABLE_USER_SCRIPT_SANDBOXING = YES;
				GCC_C_LANGUAGE_STANDARD = gnu17;
				GCC_NO_COMMON_BLOCKS = YES;
				GCC_WARN_64_TO_32_BIT_CONVERSION = YES;
				GCC_WARN_ABOUT_RETURN_TYPE = YES_ERROR;
				GCC_WARN_UNDECLARED_SELECTOR = YES;
				GCC_WARN_UNINITIALIZED_AUTOS = YES_AGGRESSIVE;
				GCC_WARN_UNUSED_FUNCTION = YES;
				GCC_WARN_UNUSED_VARIABLE = YES;
				IPHONEOS_DEPLOYMENT_TARGET = 17.5;
				LOCALIZATION_PREFERS_STRING_CATALOGS = YES;
				MTL_ENABLE_DEBUG_INFO = NO;
				MTL_FAST_MATH = YES;
				SDKROOT = iphoneos;
				SWIFT_COMPILATION_MODE = wholemodule;
				VALIDATE_PRODUCT = YES;
			};
			name = Release;
		};
		1A932AC92CAD8F6700954B71 /* Debug */ = {
			isa = XCBuildConfiguration;
			buildSettings = {
				ASSETCATALOG_COMPILER_APPICON_NAME = AppIcon;
				ASSETCATALOG_COMPILER_GLOBAL_ACCENT_COLOR_NAME = AccentColor;
				CODE_SIGN_STYLE = Automatic;
				CURRENT_PROJECT_VERSION = 1;
				DEVELOPMENT_ASSET_PATHS = "\"Test/Preview Content\"";
				DEVELOPMENT_TEAM = QZZ878S3NS;
				ENABLE_PREVIEWS = YES;
				GENERATE_INFOPLIST_FILE = YES;
				INFOPLIST_FILE = Test/Info.plist;
				INFOPLIST_KEY_NSMicrophoneUsageDescription = "This app requires access to the microphone to record audio.";
				INFOPLIST_KEY_NSPhotoLibraryUsageDescription = "This app requires access to the photo library to save images.";
				INFOPLIST_KEY_UIApplicationSceneManifest_Generation = YES;
				INFOPLIST_KEY_UIApplicationSupportsIndirectInputEvents = YES;
				INFOPLIST_KEY_UILaunchScreen_Generation = YES;
				INFOPLIST_KEY_UISupportedInterfaceOrientations_iPhone = "UIInterfaceOrientationPortrait UIInterfaceOrientationLandscapeLeft UIInterfaceOrientationLandscapeRight";
				LD_RUNPATH_SEARCH_PATHS = (
					"$(inherited)",
					"@executable_path/Frameworks",
				);
				MARKETING_VERSION = 1.0;
				PRODUCT_BUNDLE_IDENTIFIER = com.cain.Test;
				PRODUCT_NAME = "$(TARGET_NAME)";
				SWIFT_EMIT_LOC_STRINGS = YES;
				SWIFT_VERSION = 5.0;
				TARGETED_DEVICE_FAMILY = "1,2";
			};
			name = Debug;
		};
		1A932ACA2CAD8F6700954B71 /* Release */ = {
			isa = XCBuildConfiguration;
			buildSettings = {
				ASSETCATALOG_COMPILER_APPICON_NAME = AppIcon;
				ASSETCATALOG_COMPILER_GLOBAL_ACCENT_COLOR_NAME = AccentColor;
				CODE_SIGN_STYLE = Automatic;
				CURRENT_PROJECT_VERSION = 1;
				DEVELOPMENT_ASSET_PATHS = "\"Test/Preview Content\"";
				DEVELOPMENT_TEAM = QZZ878S3NS;
				ENABLE_PREVIEWS = YES;
				GENERATE_INFOPLIST_FILE = YES;
				INFOPLIST_FILE = Test/Info.plist;
				INFOPLIST_KEY_NSMicrophoneUsageDescription = "This app requires access to the microphone to record audio.";
				INFOPLIST_KEY_NSPhotoLibraryUsageDescription = "This app requires access to the photo library to save images.";
				INFOPLIST_KEY_UIApplicationSceneManifest_Generation = YES;
				INFOPLIST_KEY_UIApplicationSupportsIndirectInputEvents = YES;
				INFOPLIST_KEY_UILaunchScreen_Generation = YES;
				INFOPLIST_KEY_UISupportedInterfaceOrientations_iPhone = "UIInterfaceOrientationPortrait UIInterfaceOrientationLandscapeLeft UIInterfaceOrientationLandscapeRight";
				LD_RUNPATH_SEARCH_PATHS = (
					"$(inherited)",
					"@executable_path/Frameworks",
				);
				MARKETING_VERSION = 1.0;
				PRODUCT_BUNDLE_IDENTIFIER = com.cain.Test;
				PRODUCT_NAME = "$(TARGET_NAME)";
				SWIFT_EMIT_LOC_STRINGS = YES;
				SWIFT_VERSION = 5.0;
				TARGETED_DEVICE_FAMILY = "1,2";
			};
			name = Release;
		};
/* End XCBuildConfiguration section */

/* Begin XCConfigurationList section */
		1A932AB52CAD8F6500954B71 /* Build configuration list for PBXProject "Test" */ = {
			isa = XCConfigurationList;
			buildConfigurations = (
				1A932AC62CAD8F6700954B71 /* Debug */,
				1A932AC72CAD8F6700954B71 /* Release */,
			);
			defaultConfigurationIsVisible = 0;
			defaultConfigurationName = Release;
		};
		1A932AC82CAD8F6700954B71 /* Build configuration list for PBXNativeTarget "Test" */ = {
			isa = XCConfigurationList;
			buildConfigurations = (
				1A932AC92CAD8F6700954B71 /* Debug */,
				1A932ACA2CAD8F6700954B71 /* Release */,
			);
			defaultConfigurationIsVisible = 0;
			defaultConfigurationName = Release;
		};
/* End XCConfigurationList section */
	};
	rootObject = 1A932AB22CAD8F6500954B71 /* Project object */;
}
