// !$*UTF8*$!
{
	archiveVersion = 1;
	classes = {
	};
	objectVersion = 56;
	objects = {

/* Begin PBXBuildFile section */
		1A6145B32CA2DD0100D7149A /* VoicesApp.swift in Sources */ = {isa = PBXBuildFile; fileRef = 1A6145B22CA2DD0100D7149A /* VoicesApp.swift */; };
		1A6145B52CA2DD0100D7149A /* ContentView.swift in Sources */ = {isa = PBXBuildFile; fileRef = 1A6145B42CA2DD0100D7149A /* ContentView.swift */; };
		1A6145B72CA2DD0300D7149A /* Assets.xcassets in Resources */ = {isa = PBXBuildFile; fileRef = 1A6145B62CA2DD0300D7149A /* Assets.xcassets */; };
		1A6145BA2CA2DD0300D7149A /* Preview Assets.xcassets in Resources */ = {isa = PBXBuildFile; fileRef = 1A6145B92CA2DD0300D7149A /* Preview Assets.xcassets */; };
		1A6145C12CA2DD8600D7149A /* AboutView.swift in Sources */ = {isa = PBXBuildFile; fileRef = 1A6145C02CA2DD8600D7149A /* AboutView.swift */; };
		1A6145C32CA2DDBB00D7149A /* WelcomeView.swift in Sources */ = {isa = PBXBuildFile; fileRef = 1A6145C22CA2DDBB00D7149A /* WelcomeView.swift */; };
		1A6145C62CA2DDF400D7149A /* Extension.swift in Sources */ = {isa = PBXBuildFile; fileRef = 1A6145C52CA2DDF400D7149A /* Extension.swift */; };
		1A6145C82CA2DE1700D7149A /* Enum.swift in Sources */ = {isa = PBXBuildFile; fileRef = 1A6145C72CA2DE1700D7149A /* Enum.swift */; };
		1A6145CA2CA2DE2C00D7149A /* Struct.swift in Sources */ = {isa = PBXBuildFile; fileRef = 1A6145C92CA2DE2C00D7149A /* Struct.swift */; };
		1A6145D22CA2DEBC00D7149A /* AudioCropView.swift in Sources */ = {isa = PBXBuildFile; fileRef = 1A6145D12CA2DEBC00D7149A /* AudioCropView.swift */; };
		1A6145D62CA2DF2900D7149A /* CatViewModel.swift in Sources */ = {isa = PBXBuildFile; fileRef = 1A6145D52CA2DF2900D7149A /* CatViewModel.swift */; };
		1A6145D82CA2DFE600D7149A /* AudioRecorder.swift in Sources */ = {isa = PBXBuildFile; fileRef = 1A6145D72CA2DFE600D7149A /* AudioRecorder.swift */; };
		1A6145DA2CA2E00D00D7149A /* RecordButton.swift in Sources */ = {isa = PBXBuildFile; fileRef = 1A6145D92CA2E00D00D7149A /* RecordButton.swift */; };
		1A6145DE2CA2E06200D7149A /* SettingView.swift in Sources */ = {isa = PBXBuildFile; fileRef = 1A6145DD2CA2E06200D7149A /* SettingView.swift */; };
		1A6145E02CA2E07100D7149A /* SoundList.swift in Sources */ = {isa = PBXBuildFile; fileRef = 1A6145DF2CA2E07100D7149A /* SoundList.swift */; };
		1A6145FF2CA6406500D7149A /* SoundsView.swift in Sources */ = {isa = PBXBuildFile; fileRef = 1A6145FE2CA6406500D7149A /* SoundsView.swift */; };
		1A6146012CA6407900D7149A /* CatsView.swift in Sources */ = {isa = PBXBuildFile; fileRef = 1A6146002CA6407900D7149A /* CatsView.swift */; };
		1A6146032CA6474F00D7149A /* Util.swift in Sources */ = {isa = PBXBuildFile; fileRef = 1A6146022CA6474F00D7149A /* Util.swift */; };
		1A61462C2CA69CF600D7149A /* EditCatView.swift in Sources */ = {isa = PBXBuildFile; fileRef = 1A61462B2CA69CF600D7149A /* EditCatView.swift */; };
		1A61462E2CA69DAD00D7149A /* Previewer.swift in Sources */ = {isa = PBXBuildFile; fileRef = 1A61462D2CA69DAD00D7149A /* Previewer.swift */; };
		1A6146332CA6A05300D7149A /* ThemeView.swift in Sources */ = {isa = PBXBuildFile; fileRef = 1A6146322CA6A05300D7149A /* ThemeView.swift */; };
		1A6146352CA6A07E00D7149A /* LanguageView.swift in Sources */ = {isa = PBXBuildFile; fileRef = 1A6146342CA6A07E00D7149A /* LanguageView.swift */; };
/* End PBXBuildFile section */

/* Begin PBXFileReference section */
		1A6145AF2CA2DD0100D7149A /* Voices.app */ = {isa = PBXFileReference; explicitFileType = wrapper.application; includeInIndex = 0; path = Voices.app; sourceTree = BUILT_PRODUCTS_DIR; };
		1A6145B22CA2DD0100D7149A /* VoicesApp.swift */ = {isa = PBXFileReference; lastKnownFileType = sourcecode.swift; path = VoicesApp.swift; sourceTree = "<group>"; };
		1A6145B42CA2DD0100D7149A /* ContentView.swift */ = {isa = PBXFileReference; lastKnownFileType = sourcecode.swift; path = ContentView.swift; sourceTree = "<group>"; };
		1A6145B62CA2DD0300D7149A /* Assets.xcassets */ = {isa = PBXFileReference; lastKnownFileType = folder.assetcatalog; path = Assets.xcassets; sourceTree = "<group>"; };
		1A6145B92CA2DD0300D7149A /* Preview Assets.xcassets */ = {isa = PBXFileReference; lastKnownFileType = folder.assetcatalog; path = "Preview Assets.xcassets"; sourceTree = "<group>"; };
		1A6145C02CA2DD8600D7149A /* AboutView.swift */ = {isa = PBXFileReference; lastKnownFileType = sourcecode.swift; path = AboutView.swift; sourceTree = "<group>"; };
		1A6145C22CA2DDBB00D7149A /* WelcomeView.swift */ = {isa = PBXFileReference; lastKnownFileType = sourcecode.swift; path = WelcomeView.swift; sourceTree = "<group>"; };
		1A6145C52CA2DDF400D7149A /* Extension.swift */ = {isa = PBXFileReference; lastKnownFileType = sourcecode.swift; path = Extension.swift; sourceTree = "<group>"; };
		1A6145C72CA2DE1700D7149A /* Enum.swift */ = {isa = PBXFileReference; lastKnownFileType = sourcecode.swift; path = Enum.swift; sourceTree = "<group>"; };
		1A6145C92CA2DE2C00D7149A /* Struct.swift */ = {isa = PBXFileReference; lastKnownFileType = sourcecode.swift; path = Struct.swift; sourceTree = "<group>"; };
		1A6145D12CA2DEBC00D7149A /* AudioCropView.swift */ = {isa = PBXFileReference; lastKnownFileType = sourcecode.swift; path = AudioCropView.swift; sourceTree = "<group>"; };
		1A6145D52CA2DF2900D7149A /* CatViewModel.swift */ = {isa = PBXFileReference; lastKnownFileType = sourcecode.swift; path = CatViewModel.swift; sourceTree = "<group>"; };
		1A6145D72CA2DFE600D7149A /* AudioRecorder.swift */ = {isa = PBXFileReference; lastKnownFileType = sourcecode.swift; path = AudioRecorder.swift; sourceTree = "<group>"; };
		1A6145D92CA2E00D00D7149A /* RecordButton.swift */ = {isa = PBXFileReference; lastKnownFileType = sourcecode.swift; path = RecordButton.swift; sourceTree = "<group>"; };
		1A6145DD2CA2E06200D7149A /* SettingView.swift */ = {isa = PBXFileReference; lastKnownFileType = sourcecode.swift; path = SettingView.swift; sourceTree = "<group>"; };
		1A6145DF2CA2E07100D7149A /* SoundList.swift */ = {isa = PBXFileReference; lastKnownFileType = sourcecode.swift; path = SoundList.swift; sourceTree = "<group>"; };
		1A6145FE2CA6406500D7149A /* SoundsView.swift */ = {isa = PBXFileReference; lastKnownFileType = sourcecode.swift; path = SoundsView.swift; sourceTree = "<group>"; };
		1A6146002CA6407900D7149A /* CatsView.swift */ = {isa = PBXFileReference; lastKnownFileType = sourcecode.swift; path = CatsView.swift; sourceTree = "<group>"; };
		1A6146022CA6474F00D7149A /* Util.swift */ = {isa = PBXFileReference; lastKnownFileType = sourcecode.swift; path = Util.swift; sourceTree = "<group>"; };
		1A61462B2CA69CF600D7149A /* EditCatView.swift */ = {isa = PBXFileReference; lastKnownFileType = sourcecode.swift; path = EditCatView.swift; sourceTree = "<group>"; };
		1A61462D2CA69DAD00D7149A /* Previewer.swift */ = {isa = PBXFileReference; lastKnownFileType = sourcecode.swift; path = Previewer.swift; sourceTree = "<group>"; };
		1A6146322CA6A05300D7149A /* ThemeView.swift */ = {isa = PBXFileReference; lastKnownFileType = sourcecode.swift; path = ThemeView.swift; sourceTree = "<group>"; };
		1A6146342CA6A07E00D7149A /* LanguageView.swift */ = {isa = PBXFileReference; lastKnownFileType = sourcecode.swift; path = LanguageView.swift; sourceTree = "<group>"; };
/* End PBXFileReference section */

/* Begin PBXFrameworksBuildPhase section */
		1A6145AC2CA2DD0100D7149A /* Frameworks */ = {
			isa = PBXFrameworksBuildPhase;
			buildActionMask = 2147483647;
			files = (
			);
			runOnlyForDeploymentPostprocessing = 0;
		};
/* End PBXFrameworksBuildPhase section */

/* Begin PBXGroup section */
		1A6145A62CA2DD0100D7149A = {
			isa = PBXGroup;
			children = (
				1A6145B12CA2DD0100D7149A /* Voices */,
				1A6145B02CA2DD0100D7149A /* Products */,
			);
			sourceTree = "<group>";
		};
		1A6145B02CA2DD0100D7149A /* Products */ = {
			isa = PBXGroup;
			children = (
				1A6145AF2CA2DD0100D7149A /* Voices.app */,
			);
			name = Products;
			sourceTree = "<group>";
		};
		1A6145B12CA2DD0100D7149A /* Voices */ = {
			isa = PBXGroup;
			children = (
				1A6145B22CA2DD0100D7149A /* VoicesApp.swift */,
				1A61462D2CA69DAD00D7149A /* Previewer.swift */,
				1A6145B42CA2DD0100D7149A /* ContentView.swift */,
				1A6146042CA65A6900D7149A /* Model */,
				1A6145CB2CA2DE3F00D7149A /* Utils */,
				1A6145C42CA2DDDF00D7149A /* View */,
				1A6145B62CA2DD0300D7149A /* Assets.xcassets */,
				1A6145B82CA2DD0300D7149A /* Preview Content */,
			);
			path = Voices;
			sourceTree = "<group>";
		};
		1A6145B82CA2DD0300D7149A /* Preview Content */ = {
			isa = PBXGroup;
			children = (
				1A6145B92CA2DD0300D7149A /* Preview Assets.xcassets */,
			);
			path = "Preview Content";
			sourceTree = "<group>";
		};
		1A6145C42CA2DDDF00D7149A /* View */ = {
			isa = PBXGroup;
			children = (
				1A6145DC2CA2E04400D7149A /* Page */,
				1A6145DB2CA2E01200D7149A /* UI */,
				1A6145D02CA2DE9200D7149A /* Audio */,
			);
			path = View;
			sourceTree = "<group>";
		};
		1A6145CB2CA2DE3F00D7149A /* Utils */ = {
			isa = PBXGroup;
			children = (
				1A6145C52CA2DDF400D7149A /* Extension.swift */,
				1A6146022CA6474F00D7149A /* Util.swift */,
				1A6145D72CA2DFE600D7149A /* AudioRecorder.swift */,
				1A6145C72CA2DE1700D7149A /* Enum.swift */,
				1A6145C92CA2DE2C00D7149A /* Struct.swift */,
			);
			path = Utils;
			sourceTree = "<group>";
		};
		1A6145D02CA2DE9200D7149A /* Audio */ = {
			isa = PBXGroup;
			children = (
				1A6145D12CA2DEBC00D7149A /* AudioCropView.swift */,
			);
			path = Audio;
			sourceTree = "<group>";
		};
		1A6145DB2CA2E01200D7149A /* UI */ = {
			isa = PBXGroup;
			children = (
				1A6145D92CA2E00D00D7149A /* RecordButton.swift */,
				1A6145DF2CA2E07100D7149A /* SoundList.swift */,
			);
			path = UI;
			sourceTree = "<group>";
		};
		1A6145DC2CA2E04400D7149A /* Page */ = {
			isa = PBXGroup;
			children = (
				1A61462F2CA69DF200D7149A /* Setting */,
				1A6145C22CA2DDBB00D7149A /* WelcomeView.swift */,
				1A6146312CA69E0800D7149A /* Sounds */,
				1A6146302CA69DFE00D7149A /* Cats */,
			);
			path = Page;
			sourceTree = "<group>";
		};
		1A6146042CA65A6900D7149A /* Model */ = {
			isa = PBXGroup;
			children = (
				1A6145D52CA2DF2900D7149A /* CatViewModel.swift */,
			);
			path = Model;
			sourceTree = "<group>";
		};
		1A61462F2CA69DF200D7149A /* Setting */ = {
			isa = PBXGroup;
			children = (
				1A6145C02CA2DD8600D7149A /* AboutView.swift */,
				1A6145DD2CA2E06200D7149A /* SettingView.swift */,
				1A6146322CA6A05300D7149A /* ThemeView.swift */,
				1A6146342CA6A07E00D7149A /* LanguageView.swift */,
			);
			path = Setting;
			sourceTree = "<group>";
		};
		1A6146302CA69DFE00D7149A /* Cats */ = {
			isa = PBXGroup;
			children = (
				1A6146002CA6407900D7149A /* CatsView.swift */,
				1A61462B2CA69CF600D7149A /* EditCatView.swift */,
			);
			path = Cats;
			sourceTree = "<group>";
		};
		1A6146312CA69E0800D7149A /* Sounds */ = {
			isa = PBXGroup;
			children = (
				1A6145FE2CA6406500D7149A /* SoundsView.swift */,
			);
			path = Sounds;
			sourceTree = "<group>";
		};
/* End PBXGroup section */

/* Begin PBXNativeTarget section */
		1A6145AE2CA2DD0100D7149A /* Voices */ = {
			isa = PBXNativeTarget;
			buildConfigurationList = 1A6145BD2CA2DD0300D7149A /* Build configuration list for PBXNativeTarget "Voices" */;
			buildPhases = (
				1A6145AB2CA2DD0100D7149A /* Sources */,
				1A6145AC2CA2DD0100D7149A /* Frameworks */,
				1A6145AD2CA2DD0100D7149A /* Resources */,
			);
			buildRules = (
			);
			dependencies = (
			);
			name = Voices;
			productName = Voices;
			productReference = 1A6145AF2CA2DD0100D7149A /* Voices.app */;
			productType = "com.apple.product-type.application";
		};
/* End PBXNativeTarget section */

/* Begin PBXProject section */
		1A6145A72CA2DD0100D7149A /* Project object */ = {
			isa = PBXProject;
			attributes = {
				BuildIndependentTargetsInParallel = 1;
				LastSwiftUpdateCheck = 1540;
				LastUpgradeCheck = 1540;
				TargetAttributes = {
					1A6145AE2CA2DD0100D7149A = {
						CreatedOnToolsVersion = 15.4;
					};
				};
			};
			buildConfigurationList = 1A6145AA2CA2DD0100D7149A /* Build configuration list for PBXProject "Voices" */;
			compatibilityVersion = "Xcode 14.0";
			developmentRegion = en;
			hasScannedForEncodings = 0;
			knownRegions = (
				en,
				Base,
			);
			mainGroup = 1A6145A62CA2DD0100D7149A;
			productRefGroup = 1A6145B02CA2DD0100D7149A /* Products */;
			projectDirPath = "";
			projectRoot = "";
			targets = (
				1A6145AE2CA2DD0100D7149A /* Voices */,
			);
		};
/* End PBXProject section */

/* Begin PBXResourcesBuildPhase section */
		1A6145AD2CA2DD0100D7149A /* Resources */ = {
			isa = PBXResourcesBuildPhase;
			buildActionMask = 2147483647;
			files = (
				1A6145BA2CA2DD0300D7149A /* Preview Assets.xcassets in Resources */,
				1A6145B72CA2DD0300D7149A /* Assets.xcassets in Resources */,
			);
			runOnlyForDeploymentPostprocessing = 0;
		};
/* End PBXResourcesBuildPhase section */

/* Begin PBXSourcesBuildPhase section */
		1A6145AB2CA2DD0100D7149A /* Sources */ = {
			isa = PBXSourcesBuildPhase;
			buildActionMask = 2147483647;
			files = (
				1A6145C62CA2DDF400D7149A /* Extension.swift in Sources */,
				1A6145C32CA2DDBB00D7149A /* WelcomeView.swift in Sources */,
				1A6145DA2CA2E00D00D7149A /* RecordButton.swift in Sources */,
				1A6145D62CA2DF2900D7149A /* CatViewModel.swift in Sources */,
				1A6145C82CA2DE1700D7149A /* Enum.swift in Sources */,
				1A6146032CA6474F00D7149A /* Util.swift in Sources */,
				1A6145D82CA2DFE600D7149A /* AudioRecorder.swift in Sources */,
				1A6146332CA6A05300D7149A /* ThemeView.swift in Sources */,
				1A6145E02CA2E07100D7149A /* SoundList.swift in Sources */,
				1A6145B52CA2DD0100D7149A /* ContentView.swift in Sources */,
				1A6145DE2CA2E06200D7149A /* SettingView.swift in Sources */,
				1A6145C12CA2DD8600D7149A /* AboutView.swift in Sources */,
				1A61462E2CA69DAD00D7149A /* Previewer.swift in Sources */,
				1A6145CA2CA2DE2C00D7149A /* Struct.swift in Sources */,
				1A6145FF2CA6406500D7149A /* SoundsView.swift in Sources */,
				1A6145D22CA2DEBC00D7149A /* AudioCropView.swift in Sources */,
				1A61462C2CA69CF600D7149A /* EditCatView.swift in Sources */,
				1A6145B32CA2DD0100D7149A /* VoicesApp.swift in Sources */,
				1A6146352CA6A07E00D7149A /* LanguageView.swift in Sources */,
				1A6146012CA6407900D7149A /* CatsView.swift in Sources */,
			);
			runOnlyForDeploymentPostprocessing = 0;
		};
/* End PBXSourcesBuildPhase section */

/* Begin XCBuildConfiguration section */
		1A6145BB2CA2DD0300D7149A /* Debug */ = {
			isa = XCBuildConfiguration;
			buildSettings = {
				ALWAYS_SEARCH_USER_PATHS = NO;
				ASSETCATALOG_COMPILER_GENERATE_SWIFT_ASSET_SYMBOL_EXTENSIONS = YES;
				CLANG_ANALYZER_NONNULL = YES;
				CLANG_ANALYZER_NUMBER_OBJECT_CONVERSION = YES_AGGRESSIVE;
				CLANG_CXX_LANGUAGE_STANDARD = "gnu++20";
				CLANG_ENABLE_MODULES = YES;
				CLANG_ENABLE_OBJC_ARC = YES;
				CLANG_ENABLE_OBJC_WEAK = YES;
				CLANG_WARN_BLOCK_CAPTURE_AUTORELEASING = YES;
				CLANG_WARN_BOOL_CONVERSION = YES;
				CLANG_WARN_COMMA = YES;
				CLANG_WARN_CONSTANT_CONVERSION = YES;
				CLANG_WARN_DEPRECATED_OBJC_IMPLEMENTATIONS = YES;
				CLANG_WARN_DIRECT_OBJC_ISA_USAGE = YES_ERROR;
				CLANG_WARN_DOCUMENTATION_COMMENTS = YES;
				CLANG_WARN_EMPTY_BODY = YES;
				CLANG_WARN_ENUM_CONVERSION = YES;
				CLANG_WARN_INFINITE_RECURSION = YES;
				CLANG_WARN_INT_CONVERSION = YES;
				CLANG_WARN_NON_LITERAL_NULL_CONVERSION = YES;
				CLANG_WARN_OBJC_IMPLICIT_RETAIN_SELF = YES;
				CLANG_WARN_OBJC_LITERAL_CONVERSION = YES;
				CLANG_WARN_OBJC_ROOT_CLASS = YES_ERROR;
				CLANG_WARN_QUOTED_INCLUDE_IN_FRAMEWORK_HEADER = YES;
				CLANG_WARN_RANGE_LOOP_ANALYSIS = YES;
				CLANG_WARN_STRICT_PROTOTYPES = YES;
				CLANG_WARN_SUSPICIOUS_MOVE = YES;
				CLANG_WARN_UNGUARDED_AVAILABILITY = YES_AGGRESSIVE;
				CLANG_WARN_UNREACHABLE_CODE = YES;
				CLANG_WARN__DUPLICATE_METHOD_MATCH = YES;
				COPY_PHASE_STRIP = NO;
				DEBUG_INFORMATION_FORMAT = dwarf;
				ENABLE_STRICT_OBJC_MSGSEND = YES;
				ENABLE_TESTABILITY = YES;
				ENABLE_USER_SCRIPT_SANDBOXING = YES;
				GCC_C_LANGUAGE_STANDARD = gnu17;
				GCC_DYNAMIC_NO_PIC = NO;
				GCC_NO_COMMON_BLOCKS = YES;
				GCC_OPTIMIZATION_LEVEL = 0;
				GCC_PREPROCESSOR_DEFINITIONS = (
					"DEBUG=1",
					"$(inherited)",
				);
				GCC_WARN_64_TO_32_BIT_CONVERSION = YES;
				GCC_WARN_ABOUT_RETURN_TYPE = YES_ERROR;
				GCC_WARN_UNDECLARED_SELECTOR = YES;
				GCC_WARN_UNINITIALIZED_AUTOS = YES_AGGRESSIVE;
				GCC_WARN_UNUSED_FUNCTION = YES;
				GCC_WARN_UNUSED_VARIABLE = YES;
				IPHONEOS_DEPLOYMENT_TARGET = 17.5;
				LOCALIZATION_PREFERS_STRING_CATALOGS = YES;
				MTL_ENABLE_DEBUG_INFO = INCLUDE_SOURCE;
				MTL_FAST_MATH = YES;
				ONLY_ACTIVE_ARCH = YES;
				SDKROOT = iphoneos;
				SWIFT_ACTIVE_COMPILATION_CONDITIONS = "DEBUG $(inherited)";
				SWIFT_OPTIMIZATION_LEVEL = "-Onone";
			};
			name = Debug;
		};
		1A6145BC2CA2DD0300D7149A /* Release */ = {
			isa = XCBuildConfiguration;
			buildSettings = {
				ALWAYS_SEARCH_USER_PATHS = NO;
				ASSETCATALOG_COMPILER_GENERATE_SWIFT_ASSET_SYMBOL_EXTENSIONS = YES;
				CLANG_ANALYZER_NONNULL = YES;
				CLANG_ANALYZER_NUMBER_OBJECT_CONVERSION = YES_AGGRESSIVE;
				CLANG_CXX_LANGUAGE_STANDARD = "gnu++20";
				CLANG_ENABLE_MODULES = YES;
				CLANG_ENABLE_OBJC_ARC = YES;
				CLANG_ENABLE_OBJC_WEAK = YES;
				CLANG_WARN_BLOCK_CAPTURE_AUTORELEASING = YES;
				CLANG_WARN_BOOL_CONVERSION = YES;
				CLANG_WARN_COMMA = YES;
				CLANG_WARN_CONSTANT_CONVERSION = YES;
				CLANG_WARN_DEPRECATED_OBJC_IMPLEMENTATIONS = YES;
				CLANG_WARN_DIRECT_OBJC_ISA_USAGE = YES_ERROR;
				CLANG_WARN_DOCUMENTATION_COMMENTS = YES;
				CLANG_WARN_EMPTY_BODY = YES;
				CLANG_WARN_ENUM_CONVERSION = YES;
				CLANG_WARN_INFINITE_RECURSION = YES;
				CLANG_WARN_INT_CONVERSION = YES;
				CLANG_WARN_NON_LITERAL_NULL_CONVERSION = YES;
				CLANG_WARN_OBJC_IMPLICIT_RETAIN_SELF = YES;
				CLANG_WARN_OBJC_LITERAL_CONVERSION = YES;
				CLANG_WARN_OBJC_ROOT_CLASS = YES_ERROR;
				CLANG_WARN_QUOTED_INCLUDE_IN_FRAMEWORK_HEADER = YES;
				CLANG_WARN_RANGE_LOOP_ANALYSIS = YES;
				CLANG_WARN_STRICT_PROTOTYPES = YES;
				CLANG_WARN_SUSPICIOUS_MOVE = YES;
				CLANG_WARN_UNGUARDED_AVAILABILITY = YES_AGGRESSIVE;
				CLANG_WARN_UNREACHABLE_CODE = YES;
				CLANG_WARN__DUPLICATE_METHOD_MATCH = YES;
				COPY_PHASE_STRIP = NO;
				DEBUG_INFORMATION_FORMAT = "dwarf-with-dsym";
				ENABLE_NS_ASSERTIONS = NO;
				ENABLE_STRICT_OBJC_MSGSEND = YES;
				ENABLE_USER_SCRIPT_SANDBOXING = YES;
				GCC_C_LANGUAGE_STANDARD = gnu17;
				GCC_NO_COMMON_BLOCKS = YES;
				GCC_WARN_64_TO_32_BIT_CONVERSION = YES;
				GCC_WARN_ABOUT_RETURN_TYPE = YES_ERROR;
				GCC_WARN_UNDECLARED_SELECTOR = YES;
				GCC_WARN_UNINITIALIZED_AUTOS = YES_AGGRESSIVE;
				GCC_WARN_UNUSED_FUNCTION = YES;
				GCC_WARN_UNUSED_VARIABLE = YES;
				IPHONEOS_DEPLOYMENT_TARGET = 17.5;
				LOCALIZATION_PREFERS_STRING_CATALOGS = YES;
				MTL_ENABLE_DEBUG_INFO = NO;
				MTL_FAST_MATH = YES;
				SDKROOT = iphoneos;
				SWIFT_COMPILATION_MODE = wholemodule;
				VALIDATE_PRODUCT = YES;
			};
			name = Release;
		};
		1A6145BE2CA2DD0300D7149A /* Debug */ = {
			isa = XCBuildConfiguration;
			buildSettings = {
				ASSETCATALOG_COMPILER_APPICON_NAME = AppIcon;
				ASSETCATALOG_COMPILER_GLOBAL_ACCENT_COLOR_NAME = AccentColor;
				CODE_SIGN_STYLE = Automatic;
				CURRENT_PROJECT_VERSION = 1;
				DEVELOPMENT_ASSET_PATHS = "\"Voices/Preview Content\"";
				DEVELOPMENT_TEAM = QZZ878S3NS;
				ENABLE_PREVIEWS = YES;
				GENERATE_INFOPLIST_FILE = YES;
				INFOPLIST_KEY_UIApplicationSceneManifest_Generation = YES;
				INFOPLIST_KEY_UIApplicationSupportsIndirectInputEvents = YES;
				INFOPLIST_KEY_UILaunchScreen_Generation = YES;
				INFOPLIST_KEY_UISupportedInterfaceOrientations_iPad = "UIInterfaceOrientationPortrait UIInterfaceOrientationPortraitUpsideDown UIInterfaceOrientationLandscapeLeft UIInterfaceOrientationLandscapeRight";
				INFOPLIST_KEY_UISupportedInterfaceOrientations_iPhone = "UIInterfaceOrientationPortrait UIInterfaceOrientationLandscapeLeft UIInterfaceOrientationLandscapeRight";
				LD_RUNPATH_SEARCH_PATHS = (
					"$(inherited)",
					"@executable_path/Frameworks",
				);
				MARKETING_VERSION = 1.0;
				PRODUCT_BUNDLE_IDENTIFIER = com.cain.Voices;
				PRODUCT_NAME = "$(TARGET_NAME)";
				SWIFT_EMIT_LOC_STRINGS = YES;
				SWIFT_VERSION = 5.0;
				TARGETED_DEVICE_FAMILY = "1,2";
			};
			name = Debug;
		};
		1A6145BF2CA2DD0300D7149A /* Release */ = {
			isa = XCBuildConfiguration;
			buildSettings = {
				ASSETCATALOG_COMPILER_APPICON_NAME = AppIcon;
				ASSETCATALOG_COMPILER_GLOBAL_ACCENT_COLOR_NAME = AccentColor;
				CODE_SIGN_STYLE = Automatic;
				CURRENT_PROJECT_VERSION = 1;
				DEVELOPMENT_ASSET_PATHS = "\"Voices/Preview Content\"";
				DEVELOPMENT_TEAM = QZZ878S3NS;
				ENABLE_PREVIEWS = YES;
				GENERATE_INFOPLIST_FILE = YES;
				INFOPLIST_KEY_UIApplicationSceneManifest_Generation = YES;
				INFOPLIST_KEY_UIApplicationSupportsIndirectInputEvents = YES;
				INFOPLIST_KEY_UILaunchScreen_Generation = YES;
				INFOPLIST_KEY_UISupportedInterfaceOrientations_iPad = "UIInterfaceOrientationPortrait UIInterfaceOrientationPortraitUpsideDown UIInterfaceOrientationLandscapeLeft UIInterfaceOrientationLandscapeRight";
				INFOPLIST_KEY_UISupportedInterfaceOrientations_iPhone = "UIInterfaceOrientationPortrait UIInterfaceOrientationLandscapeLeft UIInterfaceOrientationLandscapeRight";
				LD_RUNPATH_SEARCH_PATHS = (
					"$(inherited)",
					"@executable_path/Frameworks",
				);
				MARKETING_VERSION = 1.0;
				PRODUCT_BUNDLE_IDENTIFIER = com.cain.Voices;
				PRODUCT_NAME = "$(TARGET_NAME)";
				SWIFT_EMIT_LOC_STRINGS = YES;
				SWIFT_VERSION = 5.0;
				TARGETED_DEVICE_FAMILY = "1,2";
			};
			name = Release;
		};
/* End XCBuildConfiguration section */

/* Begin XCConfigurationList section */
		1A6145AA2CA2DD0100D7149A /* Build configuration list for PBXProject "Voices" */ = {
			isa = XCConfigurationList;
			buildConfigurations = (
				1A6145BB2CA2DD0300D7149A /* Debug */,
				1A6145BC2CA2DD0300D7149A /* Release */,
			);
			defaultConfigurationIsVisible = 0;
			defaultConfigurationName = Release;
		};
		1A6145BD2CA2DD0300D7149A /* Build configuration list for PBXNativeTarget "Voices" */ = {
			isa = XCConfigurationList;
			buildConfigurations = (
				1A6145BE2CA2DD0300D7149A /* Debug */,
				1A6145BF2CA2DD0300D7149A /* Release */,
			);
			defaultConfigurationIsVisible = 0;
			defaultConfigurationName = Release;
		};
/* End XCConfigurationList section */
	};
	rootObject = 1A6145A72CA2DD0100D7149A /* Project object */;
}
